// !$*UTF8*$!
{
	archiveVersion = 1;
	classes = {
	};
	objectVersion = 46;
	objects = {

/* Begin PBXBuildFile section */
		9CA39B251CB38CFD003B0ECA /* main.m in Sources */ = {isa = PBXBuildFile; fileRef = 9CA39B241CB38CFD003B0ECA /* main.m */; };
		9CA39B281CB38CFD003B0ECA /* AppDelegate.m in Sources */ = {isa = PBXBuildFile; fileRef = 9CA39B271CB38CFD003B0ECA /* AppDelegate.m */; };
		9CA39B311CB38CFD003B0ECA /* Main.storyboard in Resources */ = {isa = PBXBuildFile; fileRef = 9CA39B2F1CB38CFD003B0ECA /* Main.storyboard */; };
		9CA39B361CB38CFD003B0ECA /* LaunchScreen.storyboard in Resources */ = {isa = PBXBuildFile; fileRef = 9CA39B341CB38CFD003B0ECA /* LaunchScreen.storyboard */; };
		9CA39B411CB38CFD003B0ECA /* MasterRefresherTests.m in Sources */ = {isa = PBXBuildFile; fileRef = 9CA39B401CB38CFD003B0ECA /* MasterRefresherTests.m */; };
		9CA39B4F1CB3A9CD003B0ECA /* WebViewRemoteLoadViewController.m in Sources */ = {isa = PBXBuildFile; fileRef = 9CA39B4E1CB3A9CD003B0ECA /* WebViewRemoteLoadViewController.m */; };
		BD2C5CA91D6D655200A25C87 /* BlocksViewController.m in Sources */ = {isa = PBXBuildFile; fileRef = BD2C5CA81D6D655200A25C87 /* BlocksViewController.m */; };
		BD2C5CAC1D6D657900A25C87 /* BlockTester.m in Sources */ = {isa = PBXBuildFile; fileRef = BD2C5CAB1D6D657900A25C87 /* BlockTester.m */; };
		BD2F039B1DB8DD4100163180 /* ScrollViewSampleViewController.m in Sources */ = {isa = PBXBuildFile; fileRef = BD2F039A1DB8DD4100163180 /* ScrollViewSampleViewController.m */; };
		BD2F039E1DB8DE7D00163180 /* CustomScrollView.m in Sources */ = {isa = PBXBuildFile; fileRef = BD2F039D1DB8DE7D00163180 /* CustomScrollView.m */; };
		BD2F03A21DBA276C00163180 /* KeyboardHandlingViewController.m in Sources */ = {isa = PBXBuildFile; fileRef = BD2F03A11DBA276C00163180 /* KeyboardHandlingViewController.m */; };
		BD42E6C61DBE039F007C3F5D /* GestureRecognitionViewController.m in Sources */ = {isa = PBXBuildFile; fileRef = BD42E6C51DBE039F007C3F5D /* GestureRecognitionViewController.m */; };
		BD42E6CB1DBF431B007C3F5D /* BasicUIElementsViewController.m in Sources */ = {isa = PBXBuildFile; fileRef = BD42E6CA1DBF431B007C3F5D /* BasicUIElementsViewController.m */; };
		BD5230351D75730A00BA1EA8 /* MethodSwizzlingViewController.m in Sources */ = {isa = PBXBuildFile; fileRef = BD5230341D75730A00BA1EA8 /* MethodSwizzlingViewController.m */; };
		BD5230381D75760000BA1EA8 /* TaxProcessor.m in Sources */ = {isa = PBXBuildFile; fileRef = BD5230371D75760000BA1EA8 /* TaxProcessor.m */; };
		BD52303B1D7576B100BA1EA8 /* TaxProcessor+Snoopy.m in Sources */ = {isa = PBXBuildFile; fileRef = BD52303A1D7576B100BA1EA8 /* TaxProcessor+Snoopy.m */; };
		BD52303E1D76A72A00BA1EA8 /* UIViewController+Tracking.m in Sources */ = {isa = PBXBuildFile; fileRef = BD52303D1D76A72A00BA1EA8 /* UIViewController+Tracking.m */; };
		BD5230421D784E5800BA1EA8 /* OperationQueueViewController.m in Sources */ = {isa = PBXBuildFile; fileRef = BD5230411D784E5800BA1EA8 /* OperationQueueViewController.m */; };
		BD5230451D7D875200BA1EA8 /* NonConCurrentOperation.m in Sources */ = {isa = PBXBuildFile; fileRef = BD5230441D7D875200BA1EA8 /* NonConCurrentOperation.m */; };
		BD5230481D7DDA1000BA1EA8 /* ConcurrentOperation.m in Sources */ = {isa = PBXBuildFile; fileRef = BD5230471D7DDA1000BA1EA8 /* ConcurrentOperation.m */; };
		BD5230611D7DEE7E00BA1EA8 /* NetworkCommunicationViewController.m in Sources */ = {isa = PBXBuildFile; fileRef = BD5230601D7DEE7E00BA1EA8 /* NetworkCommunicationViewController.m */; };
		BD5230641D7DF07600BA1EA8 /* NetworkCommunication.m in Sources */ = {isa = PBXBuildFile; fileRef = BD5230631D7DF07600BA1EA8 /* NetworkCommunication.m */; };
		BD5A81061DCDCC6F0066D3D4 /* PageViewController.m in Sources */ = {isa = PBXBuildFile; fileRef = BD5A81051DCDCC6F0066D3D4 /* PageViewController.m */; };
		BD5A81091DCDCC7F0066D3D4 /* ChildViewController.m in Sources */ = {isa = PBXBuildFile; fileRef = BD5A81081DCDCC7F0066D3D4 /* ChildViewController.m */; };
		BD5A810D1DCDE2550066D3D4 /* ContainerViewController.m in Sources */ = {isa = PBXBuildFile; fileRef = BD5A810C1DCDE2550066D3D4 /* ContainerViewController.m */; };
		BD5A81131DCDEDB90066D3D4 /* AVKit.framework in Frameworks */ = {isa = PBXBuildFile; fileRef = BD5A81121DCDEDB90066D3D4 /* AVKit.framework */; };
		BD5A81161DCDEFBB0066D3D4 /* PlayerViewController.m in Sources */ = {isa = PBXBuildFile; fileRef = BD5A81151DCDEFBB0066D3D4 /* PlayerViewController.m */; };
		BD5A81181DCE57AA0066D3D4 /* MediaPlayer.framework in Frameworks */ = {isa = PBXBuildFile; fileRef = BD5A81171DCE57A90066D3D4 /* MediaPlayer.framework */; };
		BD5A811A1DCE623B0066D3D4 /* Loop 01- Dreamy.mp3 in Resources */ = {isa = PBXBuildFile; fileRef = BD5A81191DCE623B0066D3D4 /* Loop 01- Dreamy.mp3 */; };
		BD5A811E1DCEF1170066D3D4 /* PersitenceViewController.m in Sources */ = {isa = PBXBuildFile; fileRef = BD5A811D1DCEF1170066D3D4 /* PersitenceViewController.m */; };
		BD5DB5BE1D6EFDD80012F7E4 /* BlockWebserviceViewController.m in Sources */ = {isa = PBXBuildFile; fileRef = BD5DB5BD1D6EFDD80012F7E4 /* BlockWebserviceViewController.m */; };
		BD5DB5C21D6F656F0012F7E4 /* IntrospectionViewController.m in Sources */ = {isa = PBXBuildFile; fileRef = BD5DB5C11D6F656F0012F7E4 /* IntrospectionViewController.m */; };
		BD5DB5C51D6F65EB0012F7E4 /* SecretMission.m in Sources */ = {isa = PBXBuildFile; fileRef = BD5DB5C41D6F65EB0012F7E4 /* SecretMission.m */; };
		BD734AE71D95379E00D8C0F7 /* 5MB_UPLOAD_FILE.pdf in Resources */ = {isa = PBXBuildFile; fileRef = BD734AE61D95379E00D8C0F7 /* 5MB_UPLOAD_FILE.pdf */; };
		BD734AE91D95388A00D8C0F7 /* postserver.py in Resources */ = {isa = PBXBuildFile; fileRef = BD734AE81D95388A00D8C0F7 /* postserver.py */; };
		BD83BE861D3110CB00E0FA53 /* GCDViewController.m in Sources */ = {isa = PBXBuildFile; fileRef = BD83BE851D3110CB00E0FA53 /* GCDViewController.m */; };
		BD955B221DC22E650045EB47 /* PinchZoomViewController.m in Sources */ = {isa = PBXBuildFile; fileRef = BD955B211DC22E650045EB47 /* PinchZoomViewController.m */; };
		BD955B261DC73C320045EB47 /* PinchZoomGestureViewController.m in Sources */ = {isa = PBXBuildFile; fileRef = BD955B251DC73C320045EB47 /* PinchZoomGestureViewController.m */; };
		BD955B2E1DC75FE10045EB47 /* MKMapViewViewController.m in Sources */ = {isa = PBXBuildFile; fileRef = BD955B2D1DC75FE10045EB47 /* MKMapViewViewController.m */; };
		BD955B301DC76A470045EB47 /* MapKit.framework in Frameworks */ = {isa = PBXBuildFile; fileRef = BD955B2F1DC76A470045EB47 /* MapKit.framework */; };
		BD955B321DC76A4D0045EB47 /* CoreLocation.framework in Frameworks */ = {isa = PBXBuildFile; fileRef = BD955B311DC76A4D0045EB47 /* CoreLocation.framework */; };
		BD955B361DC8A0620045EB47 /* SafariViewController.m in Sources */ = {isa = PBXBuildFile; fileRef = BD955B351DC8A0620045EB47 /* SafariViewController.m */; };
		BD955B3A1DC8AEF30045EB47 /* PresentationViewController.m in Sources */ = {isa = PBXBuildFile; fileRef = BD955B391DC8AEF30045EB47 /* PresentationViewController.m */; };
		BD955B3D1DC8B4550045EB47 /* PopViewController.m in Sources */ = {isa = PBXBuildFile; fileRef = BD955B3C1DC8B4550045EB47 /* PopViewController.m */; };
		BD955B421DC8F5630045EB47 /* EffectsViewController.m in Sources */ = {isa = PBXBuildFile; fileRef = BD955B411DC8F5630045EB47 /* EffectsViewController.m */; };
		BD955B461DC9D5AC0045EB47 /* RippleEffect.m in Sources */ = {isa = PBXBuildFile; fileRef = BD955B441DC9D5AC0045EB47 /* RippleEffect.m */; };
		BD955B4B1DCA40E30045EB47 /* VisualEffectViewController.m in Sources */ = {isa = PBXBuildFile; fileRef = BD955B4A1DCA40E30045EB47 /* VisualEffectViewController.m */; };
		BD955B4F1DCB215C0045EB47 /* CollectionViewController.m in Sources */ = {isa = PBXBuildFile; fileRef = BD955B4E1DCB215C0045EB47 /* CollectionViewController.m */; };
		BD955B531DCB2D0B0045EB47 /* Utilities.m in Sources */ = {isa = PBXBuildFile; fileRef = BD955B521DCB2D0B0045EB47 /* Utilities.m */; };
		BD955B571DCC8A850045EB47 /* StackViewFirstSampleViewController.m in Sources */ = {isa = PBXBuildFile; fileRef = BD955B561DCC8A850045EB47 /* StackViewFirstSampleViewController.m */; };
		BD955B5A1DCC95030045EB47 /* StackViewSecondViewController.m in Sources */ = {isa = PBXBuildFile; fileRef = BD955B591DCC95030045EB47 /* StackViewSecondViewController.m */; };
		BDB8444B1DDB21C200EC978F /* SequeHomeViewController.m in Sources */ = {isa = PBXBuildFile; fileRef = BDB8444A1DDB21C200EC978F /* SequeHomeViewController.m */; };
		BDB8444E1DDB250C00EC978F /* CalenderViewControl.m in Sources */ = {isa = PBXBuildFile; fileRef = BDB8444D1DDB250C00EC978F /* CalenderViewControl.m */; };
		BDB844501DDB265000EC978F /* Assets.xcassets in Resources */ = {isa = PBXBuildFile; fileRef = BDB8444F1DDB265000EC978F /* Assets.xcassets */; };
		BDBCFF691DD5DB8000323DE4 /* ParsingViewController.m in Sources */ = {isa = PBXBuildFile; fileRef = BDBCFF681DD5DB8000323DE4 /* ParsingViewController.m */; };
		BDC014721D59FAF0007EEF90 /* NSString+StringAdditions.m in Sources */ = {isa = PBXBuildFile; fileRef = BDC014711D59FAF0007EEF90 /* NSString+StringAdditions.m */; };
		BDC014751D59FBA7007EEF90 /* CategoryViewController.m in Sources */ = {isa = PBXBuildFile; fileRef = BDC014741D59FBA7007EEF90 /* CategoryViewController.m */; };
		BDC014791D5A0551007EEF90 /* ExtensionViewController.m in Sources */ = {isa = PBXBuildFile; fileRef = BDC014781D5A0551007EEF90 /* ExtensionViewController.m */; };
		BDC0147E1D5A10CE007EEF90 /* ProtocolViewController.m in Sources */ = {isa = PBXBuildFile; fileRef = BDC0147D1D5A10CE007EEF90 /* ProtocolViewController.m */; };
		BDC014821D5A15B2007EEF90 /* SampleProtocol.m in Sources */ = {isa = PBXBuildFile; fileRef = BDC014811D5A15B2007EEF90 /* SampleProtocol.m */; };
		BDC014861D5AFA80007EEF90 /* Logger.m in Sources */ = {isa = PBXBuildFile; fileRef = BDC014851D5AFA80007EEF90 /* Logger.m */; };
		BDC0149A1D5AFDD7007EEF90 /* SingletonViewController.m in Sources */ = {isa = PBXBuildFile; fileRef = BDC014991D5AFDD7007EEF90 /* SingletonViewController.m */; };
		BDC0149E1D5B08E3007EEF90 /* NotificationViewController.m in Sources */ = {isa = PBXBuildFile; fileRef = BDC0149D1D5B08E3007EEF90 /* NotificationViewController.m */; };
		BDC014A11D5B0902007EEF90 /* NotificationSample.m in Sources */ = {isa = PBXBuildFile; fileRef = BDC014A01D5B0902007EEF90 /* NotificationSample.m */; };
		BDC014B61D5B2C05007EEF90 /* Student.m in Sources */ = {isa = PBXBuildFile; fileRef = BDC014B51D5B2C05007EEF90 /* Student.m */; };
		BDC014B91D5B2C2A007EEF90 /* KVCOViewController.m in Sources */ = {isa = PBXBuildFile; fileRef = BDC014B81D5B2C2A007EEF90 /* KVCOViewController.m */; };
		BDC830FA1CE343C90015DB42 /* SimpleTableViewController.m in Sources */ = {isa = PBXBuildFile; fileRef = BDC830F91CE343C90015DB42 /* SimpleTableViewController.m */; };
		BDC831261CE358AB0015DB42 /* Refresher.xcdatamodeld in Sources */ = {isa = PBXBuildFile; fileRef = BDC831241CE358AB0015DB42 /* Refresher.xcdatamodeld */; };
		BDC8312D1CE3614F0015DB42 /* SimpleCoredataHomeViewController.m in Sources */ = {isa = PBXBuildFile; fileRef = BDC8312C1CE3614F0015DB42 /* SimpleCoredataHomeViewController.m */; };
		BDC831301CE361750015DB42 /* CoreDataDetailViewController.m in Sources */ = {isa = PBXBuildFile; fileRef = BDC8312F1CE361750015DB42 /* CoreDataDetailViewController.m */; };
		BDD33B7D1DCF05DA00BAD31B /* KeychainItemWrapper.m in Sources */ = {isa = PBXBuildFile; fileRef = BDD33B7C1DCF05DA00BAD31B /* KeychainItemWrapper.m */; };
		BDD33B7F1DCF217C00BAD31B /* Settings.plist in Resources */ = {isa = PBXBuildFile; fileRef = BDD33B7E1DCF217C00BAD31B /* Settings.plist */; };
		BDD33B811DCF3A2900BAD31B /* libsqlite3.0.tbd in Frameworks */ = {isa = PBXBuildFile; fileRef = BDD33B801DCF3A2900BAD31B /* libsqlite3.0.tbd */; };
		BDD33B851DCF3A6200BAD31B /* DBManager.m in Sources */ = {isa = PBXBuildFile; fileRef = BDD33B841DCF3A6200BAD31B /* DBManager.m */; };
		BDED62051D9CCCE40067AA38 /* WKWebViewController.m in Sources */ = {isa = PBXBuildFile; fileRef = BDED62041D9CCCE40067AA38 /* WKWebViewController.m */; };
		BDEDE13C1CC9F316003B3A09 /* WebViewLocalLoadViewController.m in Sources */ = {isa = PBXBuildFile; fileRef = BDEDE13B1CC9F316003B3A09 /* WebViewLocalLoadViewController.m */; };
		BDEDE13E1CC9F59B003B3A09 /* localHtmlSample.html in Resources */ = {isa = PBXBuildFile; fileRef = BDEDE13D1CC9F59B003B3A09 /* localHtmlSample.html */; };
		BDEDE1401CC9FC35003B3A09 /* Notes in Resources */ = {isa = PBXBuildFile; fileRef = BDEDE13F1CC9FC35003B3A09 /* Notes */; };
/* End PBXBuildFile section */

/* Begin PBXContainerItemProxy section */
		9CA39B3D1CB38CFD003B0ECA /* PBXContainerItemProxy */ = {
			isa = PBXContainerItemProxy;
			containerPortal = 9CA39B181CB38CFD003B0ECA /* Project object */;
			proxyType = 1;
			remoteGlobalIDString = 9CA39B1F1CB38CFD003B0ECA;
			remoteInfo = MasterRefresher;
		};
/* End PBXContainerItemProxy section */

/* Begin PBXFileReference section */
		9CA39B201CB38CFD003B0ECA /* Refresher-OBJC-OBJC.app */ = {isa = PBXFileReference; explicitFileType = wrapper.application; includeInIndex = 0; path = "Refresher-OBJC-OBJC.app"; sourceTree = BUILT_PRODUCTS_DIR; };
		9CA39B241CB38CFD003B0ECA /* main.m */ = {isa = PBXFileReference; lastKnownFileType = sourcecode.c.objc; path = main.m; sourceTree = "<group>"; };
		9CA39B261CB38CFD003B0ECA /* AppDelegate.h */ = {isa = PBXFileReference; lastKnownFileType = sourcecode.c.h; path = AppDelegate.h; sourceTree = "<group>"; };
		9CA39B271CB38CFD003B0ECA /* AppDelegate.m */ = {isa = PBXFileReference; lastKnownFileType = sourcecode.c.objc; path = AppDelegate.m; sourceTree = "<group>"; };
		9CA39B301CB38CFD003B0ECA /* Base */ = {isa = PBXFileReference; lastKnownFileType = file.storyboard; name = Base; path = Base.lproj/Main.storyboard; sourceTree = "<group>"; };
		9CA39B351CB38CFD003B0ECA /* Base */ = {isa = PBXFileReference; lastKnownFileType = file.storyboard; name = Base; path = Base.lproj/LaunchScreen.storyboard; sourceTree = "<group>"; };
		9CA39B371CB38CFD003B0ECA /* Info.plist */ = {isa = PBXFileReference; lastKnownFileType = text.plist.xml; path = Info.plist; sourceTree = "<group>"; };
		9CA39B3C1CB38CFD003B0ECA /* Refresher-OBJC-OBJC.xctest */ = {isa = PBXFileReference; explicitFileType = wrapper.cfbundle; includeInIndex = 0; path = "Refresher-OBJC-OBJC.xctest"; sourceTree = BUILT_PRODUCTS_DIR; };
		9CA39B401CB38CFD003B0ECA /* MasterRefresherTests.m */ = {isa = PBXFileReference; lastKnownFileType = sourcecode.c.objc; path = MasterRefresherTests.m; sourceTree = "<group>"; };
		9CA39B421CB38CFD003B0ECA /* Info.plist */ = {isa = PBXFileReference; lastKnownFileType = text.plist.xml; path = Info.plist; sourceTree = "<group>"; };
		9CA39B4D1CB3A9CD003B0ECA /* WebViewRemoteLoadViewController.h */ = {isa = PBXFileReference; fileEncoding = 4; lastKnownFileType = sourcecode.c.h; path = WebViewRemoteLoadViewController.h; sourceTree = "<group>"; };
		9CA39B4E1CB3A9CD003B0ECA /* WebViewRemoteLoadViewController.m */ = {isa = PBXFileReference; fileEncoding = 4; lastKnownFileType = sourcecode.c.objc; path = WebViewRemoteLoadViewController.m; sourceTree = "<group>"; };
		BD2C5CA71D6D655200A25C87 /* BlocksViewController.h */ = {isa = PBXFileReference; fileEncoding = 4; lastKnownFileType = sourcecode.c.h; path = BlocksViewController.h; sourceTree = "<group>"; };
		BD2C5CA81D6D655200A25C87 /* BlocksViewController.m */ = {isa = PBXFileReference; fileEncoding = 4; lastKnownFileType = sourcecode.c.objc; path = BlocksViewController.m; sourceTree = "<group>"; };
		BD2C5CAA1D6D657900A25C87 /* BlockTester.h */ = {isa = PBXFileReference; fileEncoding = 4; lastKnownFileType = sourcecode.c.h; path = BlockTester.h; sourceTree = "<group>"; };
		BD2C5CAB1D6D657900A25C87 /* BlockTester.m */ = {isa = PBXFileReference; fileEncoding = 4; lastKnownFileType = sourcecode.c.objc; path = BlockTester.m; sourceTree = "<group>"; };
		BD2F03991DB8DD4100163180 /* ScrollViewSampleViewController.h */ = {isa = PBXFileReference; fileEncoding = 4; lastKnownFileType = sourcecode.c.h; path = ScrollViewSampleViewController.h; sourceTree = "<group>"; };
		BD2F039A1DB8DD4100163180 /* ScrollViewSampleViewController.m */ = {isa = PBXFileReference; fileEncoding = 4; lastKnownFileType = sourcecode.c.objc; path = ScrollViewSampleViewController.m; sourceTree = "<group>"; };
		BD2F039C1DB8DE7D00163180 /* CustomScrollView.h */ = {isa = PBXFileReference; fileEncoding = 4; lastKnownFileType = sourcecode.c.h; path = CustomScrollView.h; sourceTree = "<group>"; };
		BD2F039D1DB8DE7D00163180 /* CustomScrollView.m */ = {isa = PBXFileReference; fileEncoding = 4; lastKnownFileType = sourcecode.c.objc; path = CustomScrollView.m; sourceTree = "<group>"; };
		BD2F03A01DBA276C00163180 /* KeyboardHandlingViewController.h */ = {isa = PBXFileReference; fileEncoding = 4; lastKnownFileType = sourcecode.c.h; path = KeyboardHandlingViewController.h; sourceTree = "<group>"; };
		BD2F03A11DBA276C00163180 /* KeyboardHandlingViewController.m */ = {isa = PBXFileReference; fileEncoding = 4; lastKnownFileType = sourcecode.c.objc; path = KeyboardHandlingViewController.m; sourceTree = "<group>"; };
		BD42E6C41DBE039F007C3F5D /* GestureRecognitionViewController.h */ = {isa = PBXFileReference; fileEncoding = 4; lastKnownFileType = sourcecode.c.h; path = GestureRecognitionViewController.h; sourceTree = "<group>"; };
		BD42E6C51DBE039F007C3F5D /* GestureRecognitionViewController.m */ = {isa = PBXFileReference; fileEncoding = 4; lastKnownFileType = sourcecode.c.objc; path = GestureRecognitionViewController.m; sourceTree = "<group>"; };
		BD42E6C91DBF431B007C3F5D /* BasicUIElementsViewController.h */ = {isa = PBXFileReference; fileEncoding = 4; lastKnownFileType = sourcecode.c.h; path = BasicUIElementsViewController.h; sourceTree = "<group>"; };
		BD42E6CA1DBF431B007C3F5D /* BasicUIElementsViewController.m */ = {isa = PBXFileReference; fileEncoding = 4; lastKnownFileType = sourcecode.c.objc; path = BasicUIElementsViewController.m; sourceTree = "<group>"; };
		BD5230331D75730A00BA1EA8 /* MethodSwizzlingViewController.h */ = {isa = PBXFileReference; fileEncoding = 4; lastKnownFileType = sourcecode.c.h; path = MethodSwizzlingViewController.h; sourceTree = "<group>"; };
		BD5230341D75730A00BA1EA8 /* MethodSwizzlingViewController.m */ = {isa = PBXFileReference; fileEncoding = 4; lastKnownFileType = sourcecode.c.objc; path = MethodSwizzlingViewController.m; sourceTree = "<group>"; };
		BD5230361D75760000BA1EA8 /* TaxProcessor.h */ = {isa = PBXFileReference; fileEncoding = 4; lastKnownFileType = sourcecode.c.h; path = TaxProcessor.h; sourceTree = "<group>"; };
		BD5230371D75760000BA1EA8 /* TaxProcessor.m */ = {isa = PBXFileReference; fileEncoding = 4; lastKnownFileType = sourcecode.c.objc; path = TaxProcessor.m; sourceTree = "<group>"; };
		BD5230391D7576B100BA1EA8 /* TaxProcessor+Snoopy.h */ = {isa = PBXFileReference; fileEncoding = 4; lastKnownFileType = sourcecode.c.h; path = "TaxProcessor+Snoopy.h"; sourceTree = "<group>"; };
		BD52303A1D7576B100BA1EA8 /* TaxProcessor+Snoopy.m */ = {isa = PBXFileReference; fileEncoding = 4; lastKnownFileType = sourcecode.c.objc; path = "TaxProcessor+Snoopy.m"; sourceTree = "<group>"; };
		BD52303C1D76A72A00BA1EA8 /* UIViewController+Tracking.h */ = {isa = PBXFileReference; fileEncoding = 4; lastKnownFileType = sourcecode.c.h; path = "UIViewController+Tracking.h"; sourceTree = "<group>"; };
		BD52303D1D76A72A00BA1EA8 /* UIViewController+Tracking.m */ = {isa = PBXFileReference; fileEncoding = 4; lastKnownFileType = sourcecode.c.objc; path = "UIViewController+Tracking.m"; sourceTree = "<group>"; };
		BD5230401D784E5800BA1EA8 /* OperationQueueViewController.h */ = {isa = PBXFileReference; fileEncoding = 4; lastKnownFileType = sourcecode.c.h; path = OperationQueueViewController.h; sourceTree = "<group>"; };
		BD5230411D784E5800BA1EA8 /* OperationQueueViewController.m */ = {isa = PBXFileReference; fileEncoding = 4; lastKnownFileType = sourcecode.c.objc; path = OperationQueueViewController.m; sourceTree = "<group>"; };
		BD5230431D7D875200BA1EA8 /* NonConCurrentOperation.h */ = {isa = PBXFileReference; fileEncoding = 4; lastKnownFileType = sourcecode.c.h; path = NonConCurrentOperation.h; sourceTree = "<group>"; };
		BD5230441D7D875200BA1EA8 /* NonConCurrentOperation.m */ = {isa = PBXFileReference; fileEncoding = 4; lastKnownFileType = sourcecode.c.objc; path = NonConCurrentOperation.m; sourceTree = "<group>"; };
		BD5230461D7DDA1000BA1EA8 /* ConcurrentOperation.h */ = {isa = PBXFileReference; fileEncoding = 4; lastKnownFileType = sourcecode.c.h; path = ConcurrentOperation.h; sourceTree = "<group>"; };
		BD5230471D7DDA1000BA1EA8 /* ConcurrentOperation.m */ = {isa = PBXFileReference; fileEncoding = 4; lastKnownFileType = sourcecode.c.objc; path = ConcurrentOperation.m; sourceTree = "<group>"; };
		BD5230491D7DDD4A00BA1EA8 /* NetworkOperationDelegate.h */ = {isa = PBXFileReference; fileEncoding = 4; lastKnownFileType = sourcecode.c.h; path = NetworkOperationDelegate.h; sourceTree = "<group>"; };
		BD52305B1D7DE48300BA1EA8 /* RefresherConstants.h */ = {isa = PBXFileReference; fileEncoding = 4; lastKnownFileType = sourcecode.c.h; path = RefresherConstants.h; sourceTree = "<group>"; };
		BD52305F1D7DEE7E00BA1EA8 /* NetworkCommunicationViewController.h */ = {isa = PBXFileReference; fileEncoding = 4; lastKnownFileType = sourcecode.c.h; path = NetworkCommunicationViewController.h; sourceTree = "<group>"; };
		BD5230601D7DEE7E00BA1EA8 /* NetworkCommunicationViewController.m */ = {isa = PBXFileReference; fileEncoding = 4; lastKnownFileType = sourcecode.c.objc; path = NetworkCommunicationViewController.m; sourceTree = "<group>"; };
		BD5230621D7DF07600BA1EA8 /* NetworkCommunication.h */ = {isa = PBXFileReference; fileEncoding = 4; lastKnownFileType = sourcecode.c.h; path = NetworkCommunication.h; sourceTree = "<group>"; };
		BD5230631D7DF07600BA1EA8 /* NetworkCommunication.m */ = {isa = PBXFileReference; fileEncoding = 4; lastKnownFileType = sourcecode.c.objc; path = NetworkCommunication.m; sourceTree = "<group>"; };
		BD5A81041DCDCC6F0066D3D4 /* PageViewController.h */ = {isa = PBXFileReference; fileEncoding = 4; lastKnownFileType = sourcecode.c.h; path = PageViewController.h; sourceTree = "<group>"; };
		BD5A81051DCDCC6F0066D3D4 /* PageViewController.m */ = {isa = PBXFileReference; fileEncoding = 4; lastKnownFileType = sourcecode.c.objc; path = PageViewController.m; sourceTree = "<group>"; };
		BD5A81071DCDCC7F0066D3D4 /* ChildViewController.h */ = {isa = PBXFileReference; fileEncoding = 4; lastKnownFileType = sourcecode.c.h; path = ChildViewController.h; sourceTree = "<group>"; };
		BD5A81081DCDCC7F0066D3D4 /* ChildViewController.m */ = {isa = PBXFileReference; fileEncoding = 4; lastKnownFileType = sourcecode.c.objc; path = ChildViewController.m; sourceTree = "<group>"; };
		BD5A810B1DCDE2550066D3D4 /* ContainerViewController.h */ = {isa = PBXFileReference; fileEncoding = 4; lastKnownFileType = sourcecode.c.h; path = ContainerViewController.h; sourceTree = "<group>"; };
		BD5A810C1DCDE2550066D3D4 /* ContainerViewController.m */ = {isa = PBXFileReference; fileEncoding = 4; lastKnownFileType = sourcecode.c.objc; path = ContainerViewController.m; sourceTree = "<group>"; };
		BD5A81121DCDEDB90066D3D4 /* AVKit.framework */ = {isa = PBXFileReference; lastKnownFileType = wrapper.framework; name = AVKit.framework; path = System/Library/Frameworks/AVKit.framework; sourceTree = SDKROOT; };
		BD5A81141DCDEFBB0066D3D4 /* PlayerViewController.h */ = {isa = PBXFileReference; fileEncoding = 4; lastKnownFileType = sourcecode.c.h; path = PlayerViewController.h; sourceTree = "<group>"; };
		BD5A81151DCDEFBB0066D3D4 /* PlayerViewController.m */ = {isa = PBXFileReference; fileEncoding = 4; lastKnownFileType = sourcecode.c.objc; path = PlayerViewController.m; sourceTree = "<group>"; };
		BD5A81171DCE57A90066D3D4 /* MediaPlayer.framework */ = {isa = PBXFileReference; lastKnownFileType = wrapper.framework; name = MediaPlayer.framework; path = System/Library/Frameworks/MediaPlayer.framework; sourceTree = SDKROOT; };
		BD5A81191DCE623B0066D3D4 /* Loop 01- Dreamy.mp3 */ = {isa = PBXFileReference; lastKnownFileType = audio.mp3; path = "Loop 01- Dreamy.mp3"; sourceTree = "<group>"; };
		BD5A811C1DCEF1170066D3D4 /* PersitenceViewController.h */ = {isa = PBXFileReference; fileEncoding = 4; lastKnownFileType = sourcecode.c.h; path = PersitenceViewController.h; sourceTree = "<group>"; };
		BD5A811D1DCEF1170066D3D4 /* PersitenceViewController.m */ = {isa = PBXFileReference; fileEncoding = 4; lastKnownFileType = sourcecode.c.objc; path = PersitenceViewController.m; sourceTree = "<group>"; };
		BD5DB5BC1D6EFDD80012F7E4 /* BlockWebserviceViewController.h */ = {isa = PBXFileReference; fileEncoding = 4; lastKnownFileType = sourcecode.c.h; path = BlockWebserviceViewController.h; sourceTree = "<group>"; };
		BD5DB5BD1D6EFDD80012F7E4 /* BlockWebserviceViewController.m */ = {isa = PBXFileReference; fileEncoding = 4; lastKnownFileType = sourcecode.c.objc; path = BlockWebserviceViewController.m; sourceTree = "<group>"; };
		BD5DB5C01D6F656F0012F7E4 /* IntrospectionViewController.h */ = {isa = PBXFileReference; fileEncoding = 4; lastKnownFileType = sourcecode.c.h; path = IntrospectionViewController.h; sourceTree = "<group>"; };
		BD5DB5C11D6F656F0012F7E4 /* IntrospectionViewController.m */ = {isa = PBXFileReference; fileEncoding = 4; lastKnownFileType = sourcecode.c.objc; path = IntrospectionViewController.m; sourceTree = "<group>"; };
		BD5DB5C31D6F65EB0012F7E4 /* SecretMission.h */ = {isa = PBXFileReference; fileEncoding = 4; lastKnownFileType = sourcecode.c.h; path = SecretMission.h; sourceTree = "<group>"; };
		BD5DB5C41D6F65EB0012F7E4 /* SecretMission.m */ = {isa = PBXFileReference; fileEncoding = 4; lastKnownFileType = sourcecode.c.objc; path = SecretMission.m; sourceTree = "<group>"; };
		BD5DB5C61D6F6AE60012F7E4 /* libobjc.tbd */ = {isa = PBXFileReference; lastKnownFileType = "sourcecode.text-based-dylib-definition"; name = libobjc.tbd; path = usr/lib/libobjc.tbd; sourceTree = SDKROOT; };
		BD734AE61D95379E00D8C0F7 /* 5MB_UPLOAD_FILE.pdf */ = {isa = PBXFileReference; lastKnownFileType = image.pdf; path = 5MB_UPLOAD_FILE.pdf; sourceTree = "<group>"; };
		BD734AE81D95388A00D8C0F7 /* postserver.py */ = {isa = PBXFileReference; fileEncoding = 4; lastKnownFileType = text.script.python; path = postserver.py; sourceTree = "<group>"; };
		BD83BE7C1D30E5E700E0FA53 /* README.md */ = {isa = PBXFileReference; fileEncoding = 4; lastKnownFileType = net.daringfireball.markdown; path = README.md; sourceTree = "<group>"; };
		BD83BE841D3110CB00E0FA53 /* GCDViewController.h */ = {isa = PBXFileReference; fileEncoding = 4; lastKnownFileType = sourcecode.c.h; path = GCDViewController.h; sourceTree = "<group>"; };
		BD83BE851D3110CB00E0FA53 /* GCDViewController.m */ = {isa = PBXFileReference; fileEncoding = 4; lastKnownFileType = sourcecode.c.objc; path = GCDViewController.m; sourceTree = "<group>"; };
		BD955B201DC22E650045EB47 /* PinchZoomViewController.h */ = {isa = PBXFileReference; fileEncoding = 4; lastKnownFileType = sourcecode.c.h; path = PinchZoomViewController.h; sourceTree = "<group>"; };
		BD955B211DC22E650045EB47 /* PinchZoomViewController.m */ = {isa = PBXFileReference; fileEncoding = 4; lastKnownFileType = sourcecode.c.objc; path = PinchZoomViewController.m; sourceTree = "<group>"; };
		BD955B241DC73C320045EB47 /* PinchZoomGestureViewController.h */ = {isa = PBXFileReference; fileEncoding = 4; lastKnownFileType = sourcecode.c.h; path = PinchZoomGestureViewController.h; sourceTree = "<group>"; };
		BD955B251DC73C320045EB47 /* PinchZoomGestureViewController.m */ = {isa = PBXFileReference; fileEncoding = 4; lastKnownFileType = sourcecode.c.objc; path = PinchZoomGestureViewController.m; sourceTree = "<group>"; };
		BD955B2C1DC75FE10045EB47 /* MKMapViewViewController.h */ = {isa = PBXFileReference; fileEncoding = 4; lastKnownFileType = sourcecode.c.h; path = MKMapViewViewController.h; sourceTree = "<group>"; };
		BD955B2D1DC75FE10045EB47 /* MKMapViewViewController.m */ = {isa = PBXFileReference; fileEncoding = 4; lastKnownFileType = sourcecode.c.objc; path = MKMapViewViewController.m; sourceTree = "<group>"; };
		BD955B2F1DC76A470045EB47 /* MapKit.framework */ = {isa = PBXFileReference; lastKnownFileType = wrapper.framework; name = MapKit.framework; path = System/Library/Frameworks/MapKit.framework; sourceTree = SDKROOT; };
		BD955B311DC76A4D0045EB47 /* CoreLocation.framework */ = {isa = PBXFileReference; lastKnownFileType = wrapper.framework; name = CoreLocation.framework; path = System/Library/Frameworks/CoreLocation.framework; sourceTree = SDKROOT; };
		BD955B341DC8A0620045EB47 /* SafariViewController.h */ = {isa = PBXFileReference; fileEncoding = 4; lastKnownFileType = sourcecode.c.h; path = SafariViewController.h; sourceTree = "<group>"; };
		BD955B351DC8A0620045EB47 /* SafariViewController.m */ = {isa = PBXFileReference; fileEncoding = 4; lastKnownFileType = sourcecode.c.objc; path = SafariViewController.m; sourceTree = "<group>"; };
		BD955B381DC8AEF30045EB47 /* PresentationViewController.h */ = {isa = PBXFileReference; fileEncoding = 4; lastKnownFileType = sourcecode.c.h; path = PresentationViewController.h; sourceTree = "<group>"; };
		BD955B391DC8AEF30045EB47 /* PresentationViewController.m */ = {isa = PBXFileReference; fileEncoding = 4; lastKnownFileType = sourcecode.c.objc; path = PresentationViewController.m; sourceTree = "<group>"; };
		BD955B3B1DC8B4550045EB47 /* PopViewController.h */ = {isa = PBXFileReference; fileEncoding = 4; lastKnownFileType = sourcecode.c.h; path = PopViewController.h; sourceTree = "<group>"; };
		BD955B3C1DC8B4550045EB47 /* PopViewController.m */ = {isa = PBXFileReference; fileEncoding = 4; lastKnownFileType = sourcecode.c.objc; path = PopViewController.m; sourceTree = "<group>"; };
		BD955B401DC8F5630045EB47 /* EffectsViewController.h */ = {isa = PBXFileReference; fileEncoding = 4; lastKnownFileType = sourcecode.c.h; path = EffectsViewController.h; sourceTree = "<group>"; };
		BD955B411DC8F5630045EB47 /* EffectsViewController.m */ = {isa = PBXFileReference; fileEncoding = 4; lastKnownFileType = sourcecode.c.objc; path = EffectsViewController.m; sourceTree = "<group>"; };
		BD955B431DC9D5AC0045EB47 /* RippleEffect.h */ = {isa = PBXFileReference; fileEncoding = 4; lastKnownFileType = sourcecode.c.h; path = RippleEffect.h; sourceTree = "<group>"; };
		BD955B441DC9D5AC0045EB47 /* RippleEffect.m */ = {isa = PBXFileReference; fileEncoding = 4; lastKnownFileType = sourcecode.c.objc; path = RippleEffect.m; sourceTree = "<group>"; };
		BD955B491DCA40E30045EB47 /* VisualEffectViewController.h */ = {isa = PBXFileReference; fileEncoding = 4; lastKnownFileType = sourcecode.c.h; path = VisualEffectViewController.h; sourceTree = "<group>"; };
		BD955B4A1DCA40E30045EB47 /* VisualEffectViewController.m */ = {isa = PBXFileReference; fileEncoding = 4; lastKnownFileType = sourcecode.c.objc; path = VisualEffectViewController.m; sourceTree = "<group>"; };
		BD955B4D1DCB215C0045EB47 /* CollectionViewController.h */ = {isa = PBXFileReference; fileEncoding = 4; lastKnownFileType = sourcecode.c.h; path = CollectionViewController.h; sourceTree = "<group>"; };
		BD955B4E1DCB215C0045EB47 /* CollectionViewController.m */ = {isa = PBXFileReference; fileEncoding = 4; lastKnownFileType = sourcecode.c.objc; path = CollectionViewController.m; sourceTree = "<group>"; };
		BD955B511DCB2D0B0045EB47 /* Utilities.h */ = {isa = PBXFileReference; fileEncoding = 4; lastKnownFileType = sourcecode.c.h; path = Utilities.h; sourceTree = "<group>"; };
		BD955B521DCB2D0B0045EB47 /* Utilities.m */ = {isa = PBXFileReference; fileEncoding = 4; lastKnownFileType = sourcecode.c.objc; path = Utilities.m; sourceTree = "<group>"; };
		BD955B551DCC8A850045EB47 /* StackViewFirstSampleViewController.h */ = {isa = PBXFileReference; fileEncoding = 4; lastKnownFileType = sourcecode.c.h; path = StackViewFirstSampleViewController.h; sourceTree = "<group>"; };
		BD955B561DCC8A850045EB47 /* StackViewFirstSampleViewController.m */ = {isa = PBXFileReference; fileEncoding = 4; lastKnownFileType = sourcecode.c.objc; path = StackViewFirstSampleViewController.m; sourceTree = "<group>"; };
		BD955B581DCC95030045EB47 /* StackViewSecondViewController.h */ = {isa = PBXFileReference; fileEncoding = 4; lastKnownFileType = sourcecode.c.h; path = StackViewSecondViewController.h; sourceTree = "<group>"; };
		BD955B591DCC95030045EB47 /* StackViewSecondViewController.m */ = {isa = PBXFileReference; fileEncoding = 4; lastKnownFileType = sourcecode.c.objc; path = StackViewSecondViewController.m; sourceTree = "<group>"; };
		BDB844491DDB21C200EC978F /* SequeHomeViewController.h */ = {isa = PBXFileReference; fileEncoding = 4; lastKnownFileType = sourcecode.c.h; path = SequeHomeViewController.h; sourceTree = "<group>"; };
		BDB8444A1DDB21C200EC978F /* SequeHomeViewController.m */ = {isa = PBXFileReference; fileEncoding = 4; lastKnownFileType = sourcecode.c.objc; path = SequeHomeViewController.m; sourceTree = "<group>"; };
		BDB8444C1DDB250C00EC978F /* CalenderViewControl.h */ = {isa = PBXFileReference; fileEncoding = 4; lastKnownFileType = sourcecode.c.h; path = CalenderViewControl.h; sourceTree = "<group>"; };
		BDB8444D1DDB250C00EC978F /* CalenderViewControl.m */ = {isa = PBXFileReference; fileEncoding = 4; lastKnownFileType = sourcecode.c.objc; path = CalenderViewControl.m; sourceTree = "<group>"; };
		BDB8444F1DDB265000EC978F /* Assets.xcassets */ = {isa = PBXFileReference; lastKnownFileType = folder.assetcatalog; path = Assets.xcassets; sourceTree = "<group>"; };
		BDBCFF671DD5DB8000323DE4 /* ParsingViewController.h */ = {isa = PBXFileReference; fileEncoding = 4; lastKnownFileType = sourcecode.c.h; path = ParsingViewController.h; sourceTree = "<group>"; };
		BDBCFF681DD5DB8000323DE4 /* ParsingViewController.m */ = {isa = PBXFileReference; fileEncoding = 4; lastKnownFileType = sourcecode.c.objc; path = ParsingViewController.m; sourceTree = "<group>"; };
		BDC014701D59FAF0007EEF90 /* NSString+StringAdditions.h */ = {isa = PBXFileReference; fileEncoding = 4; lastKnownFileType = sourcecode.c.h; path = "NSString+StringAdditions.h"; sourceTree = "<group>"; };
		BDC014711D59FAF0007EEF90 /* NSString+StringAdditions.m */ = {isa = PBXFileReference; fileEncoding = 4; lastKnownFileType = sourcecode.c.objc; path = "NSString+StringAdditions.m"; sourceTree = "<group>"; };
		BDC014731D59FBA7007EEF90 /* CategoryViewController.h */ = {isa = PBXFileReference; fileEncoding = 4; lastKnownFileType = sourcecode.c.h; path = CategoryViewController.h; sourceTree = "<group>"; };
		BDC014741D59FBA7007EEF90 /* CategoryViewController.m */ = {isa = PBXFileReference; fileEncoding = 4; lastKnownFileType = sourcecode.c.objc; path = CategoryViewController.m; sourceTree = "<group>"; };
		BDC014771D5A0551007EEF90 /* ExtensionViewController.h */ = {isa = PBXFileReference; fileEncoding = 4; lastKnownFileType = sourcecode.c.h; path = ExtensionViewController.h; sourceTree = "<group>"; };
		BDC014781D5A0551007EEF90 /* ExtensionViewController.m */ = {isa = PBXFileReference; fileEncoding = 4; lastKnownFileType = sourcecode.c.objc; path = ExtensionViewController.m; sourceTree = "<group>"; };
		BDC0147C1D5A10CE007EEF90 /* ProtocolViewController.h */ = {isa = PBXFileReference; fileEncoding = 4; lastKnownFileType = sourcecode.c.h; path = ProtocolViewController.h; sourceTree = "<group>"; };
		BDC0147D1D5A10CE007EEF90 /* ProtocolViewController.m */ = {isa = PBXFileReference; fileEncoding = 4; lastKnownFileType = sourcecode.c.objc; path = ProtocolViewController.m; sourceTree = "<group>"; };
		BDC014801D5A15B2007EEF90 /* SampleProtocol.h */ = {isa = PBXFileReference; fileEncoding = 4; lastKnownFileType = sourcecode.c.h; path = SampleProtocol.h; sourceTree = "<group>"; };
		BDC014811D5A15B2007EEF90 /* SampleProtocol.m */ = {isa = PBXFileReference; fileEncoding = 4; lastKnownFileType = sourcecode.c.objc; path = SampleProtocol.m; sourceTree = "<group>"; };
		BDC014841D5AFA80007EEF90 /* Logger.h */ = {isa = PBXFileReference; fileEncoding = 4; lastKnownFileType = sourcecode.c.h; path = Logger.h; sourceTree = "<group>"; };
		BDC014851D5AFA80007EEF90 /* Logger.m */ = {isa = PBXFileReference; fileEncoding = 4; lastKnownFileType = sourcecode.c.objc; path = Logger.m; sourceTree = "<group>"; };
		BDC014981D5AFDD7007EEF90 /* SingletonViewController.h */ = {isa = PBXFileReference; fileEncoding = 4; lastKnownFileType = sourcecode.c.h; path = SingletonViewController.h; sourceTree = "<group>"; };
		BDC014991D5AFDD7007EEF90 /* SingletonViewController.m */ = {isa = PBXFileReference; fileEncoding = 4; lastKnownFileType = sourcecode.c.objc; path = SingletonViewController.m; sourceTree = "<group>"; };
		BDC0149C1D5B08E3007EEF90 /* NotificationViewController.h */ = {isa = PBXFileReference; fileEncoding = 4; lastKnownFileType = sourcecode.c.h; path = NotificationViewController.h; sourceTree = "<group>"; };
		BDC0149D1D5B08E3007EEF90 /* NotificationViewController.m */ = {isa = PBXFileReference; fileEncoding = 4; lastKnownFileType = sourcecode.c.objc; path = NotificationViewController.m; sourceTree = "<group>"; };
		BDC0149F1D5B0902007EEF90 /* NotificationSample.h */ = {isa = PBXFileReference; fileEncoding = 4; lastKnownFileType = sourcecode.c.h; path = NotificationSample.h; sourceTree = "<group>"; };
		BDC014A01D5B0902007EEF90 /* NotificationSample.m */ = {isa = PBXFileReference; fileEncoding = 4; lastKnownFileType = sourcecode.c.objc; path = NotificationSample.m; sourceTree = "<group>"; };
		BDC014B41D5B2C05007EEF90 /* Student.h */ = {isa = PBXFileReference; fileEncoding = 4; lastKnownFileType = sourcecode.c.h; path = Student.h; sourceTree = "<group>"; };
		BDC014B51D5B2C05007EEF90 /* Student.m */ = {isa = PBXFileReference; fileEncoding = 4; lastKnownFileType = sourcecode.c.objc; path = Student.m; sourceTree = "<group>"; };
		BDC014B71D5B2C2A007EEF90 /* KVCOViewController.h */ = {isa = PBXFileReference; fileEncoding = 4; lastKnownFileType = sourcecode.c.h; path = KVCOViewController.h; sourceTree = "<group>"; };
		BDC014B81D5B2C2A007EEF90 /* KVCOViewController.m */ = {isa = PBXFileReference; fileEncoding = 4; lastKnownFileType = sourcecode.c.objc; path = KVCOViewController.m; sourceTree = "<group>"; };
		BDC830F81CE343C90015DB42 /* SimpleTableViewController.h */ = {isa = PBXFileReference; fileEncoding = 4; lastKnownFileType = sourcecode.c.h; path = SimpleTableViewController.h; sourceTree = "<group>"; };
		BDC830F91CE343C90015DB42 /* SimpleTableViewController.m */ = {isa = PBXFileReference; fileEncoding = 4; lastKnownFileType = sourcecode.c.objc; path = SimpleTableViewController.m; sourceTree = "<group>"; };
		BDC831251CE358AB0015DB42 /* Refresher.xcdatamodel */ = {isa = PBXFileReference; lastKnownFileType = wrapper.xcdatamodel; path = Refresher.xcdatamodel; sourceTree = "<group>"; };
		BDC8312B1CE3614F0015DB42 /* SimpleCoredataHomeViewController.h */ = {isa = PBXFileReference; fileEncoding = 4; lastKnownFileType = sourcecode.c.h; path = SimpleCoredataHomeViewController.h; sourceTree = "<group>"; };
		BDC8312C1CE3614F0015DB42 /* SimpleCoredataHomeViewController.m */ = {isa = PBXFileReference; fileEncoding = 4; lastKnownFileType = sourcecode.c.objc; path = SimpleCoredataHomeViewController.m; sourceTree = "<group>"; };
		BDC8312E1CE361750015DB42 /* CoreDataDetailViewController.h */ = {isa = PBXFileReference; fileEncoding = 4; lastKnownFileType = sourcecode.c.h; path = CoreDataDetailViewController.h; sourceTree = "<group>"; };
		BDC8312F1CE361750015DB42 /* CoreDataDetailViewController.m */ = {isa = PBXFileReference; fileEncoding = 4; lastKnownFileType = sourcecode.c.objc; path = CoreDataDetailViewController.m; sourceTree = "<group>"; };
		BDD33B7B1DCF05DA00BAD31B /* KeychainItemWrapper.h */ = {isa = PBXFileReference; fileEncoding = 4; lastKnownFileType = sourcecode.c.h; path = KeychainItemWrapper.h; sourceTree = "<group>"; };
		BDD33B7C1DCF05DA00BAD31B /* KeychainItemWrapper.m */ = {isa = PBXFileReference; fileEncoding = 4; lastKnownFileType = sourcecode.c.objc; path = KeychainItemWrapper.m; sourceTree = "<group>"; };
		BDD33B7E1DCF217C00BAD31B /* Settings.plist */ = {isa = PBXFileReference; fileEncoding = 4; lastKnownFileType = text.plist.xml; path = Settings.plist; sourceTree = "<group>"; };
		BDD33B801DCF3A2900BAD31B /* libsqlite3.0.tbd */ = {isa = PBXFileReference; lastKnownFileType = "sourcecode.text-based-dylib-definition"; name = libsqlite3.0.tbd; path = usr/lib/libsqlite3.0.tbd; sourceTree = SDKROOT; };
		BDD33B831DCF3A6200BAD31B /* DBManager.h */ = {isa = PBXFileReference; fileEncoding = 4; lastKnownFileType = sourcecode.c.h; path = DBManager.h; sourceTree = "<group>"; };
		BDD33B841DCF3A6200BAD31B /* DBManager.m */ = {isa = PBXFileReference; fileEncoding = 4; lastKnownFileType = sourcecode.c.objc; path = DBManager.m; sourceTree = "<group>"; };
		BDED62031D9CCCE40067AA38 /* WKWebViewController.h */ = {isa = PBXFileReference; fileEncoding = 4; lastKnownFileType = sourcecode.c.h; path = WKWebViewController.h; sourceTree = "<group>"; };
		BDED62041D9CCCE40067AA38 /* WKWebViewController.m */ = {isa = PBXFileReference; fileEncoding = 4; lastKnownFileType = sourcecode.c.objc; path = WKWebViewController.m; sourceTree = "<group>"; };
		BDEDE13A1CC9F316003B3A09 /* WebViewLocalLoadViewController.h */ = {isa = PBXFileReference; fileEncoding = 4; lastKnownFileType = sourcecode.c.h; path = WebViewLocalLoadViewController.h; sourceTree = "<group>"; };
		BDEDE13B1CC9F316003B3A09 /* WebViewLocalLoadViewController.m */ = {isa = PBXFileReference; fileEncoding = 4; lastKnownFileType = sourcecode.c.objc; path = WebViewLocalLoadViewController.m; sourceTree = "<group>"; };
		BDEDE13D1CC9F59B003B3A09 /* localHtmlSample.html */ = {isa = PBXFileReference; fileEncoding = 4; lastKnownFileType = text.html; path = localHtmlSample.html; sourceTree = "<group>"; };
		BDEDE13F1CC9FC35003B3A09 /* Notes */ = {isa = PBXFileReference; fileEncoding = 4; lastKnownFileType = text; path = Notes; sourceTree = "<group>"; };
/* End PBXFileReference section */

/* Begin PBXFrameworksBuildPhase section */
		9CA39B1D1CB38CFD003B0ECA /* Frameworks */ = {
			isa = PBXFrameworksBuildPhase;
			buildActionMask = 2147483647;
			files = (
				BDD33B811DCF3A2900BAD31B /* libsqlite3.0.tbd in Frameworks */,
				BD5A81181DCE57AA0066D3D4 /* MediaPlayer.framework in Frameworks */,
				BD5A81131DCDEDB90066D3D4 /* AVKit.framework in Frameworks */,
				BD955B321DC76A4D0045EB47 /* CoreLocation.framework in Frameworks */,
				BD955B301DC76A470045EB47 /* MapKit.framework in Frameworks */,
			);
			runOnlyForDeploymentPostprocessing = 0;
		};
		9CA39B391CB38CFD003B0ECA /* Frameworks */ = {
			isa = PBXFrameworksBuildPhase;
			buildActionMask = 2147483647;
			files = (
			);
			runOnlyForDeploymentPostprocessing = 0;
		};
/* End PBXFrameworksBuildPhase section */

/* Begin PBXGroup section */
		9CA39B171CB38CFD003B0ECA = {
			isa = PBXGroup;
			children = (
				9CA39B221CB38CFD003B0ECA /* Refresher */,
				9CA39B3F1CB38CFD003B0ECA /* RefresherTests */,
				9CA39B211CB38CFD003B0ECA /* Products */,
			);
			sourceTree = "<group>";
		};
		9CA39B211CB38CFD003B0ECA /* Products */ = {
			isa = PBXGroup;
			children = (
				9CA39B201CB38CFD003B0ECA /* Refresher-OBJC-OBJC.app */,
				9CA39B3C1CB38CFD003B0ECA /* Refresher-OBJC-OBJC.xctest */,
			);
			name = Products;
			sourceTree = "<group>";
		};
		9CA39B221CB38CFD003B0ECA /* Refresher */ = {
			isa = PBXGroup;
			children = (
				BD734ADE1D9241F600D8C0F7 /* View */,
				BD734AE11D92427B00D8C0F7 /* Model */,
				BD734AE31D9242DF00D8C0F7 /* Controller */,
				BD955B501DCB2CAD0045EB47 /* Utilities */,
				BD734ADF1D92420300D8C0F7 /* Resources */,
				BD734AE01D92425900D8C0F7 /* Configuration */,
				BD734AE51D9243DA00D8C0F7 /* Supporing Files */,
				BD955B3E1DC8B6ED0045EB47 /* Internal Libraries */,
				BD734AE41D92430C00D8C0F7 /* External Libraries */,
			);
			name = Refresher;
			path = MasterRefresher;
			sourceTree = "<group>";
		};
		9CA39B3F1CB38CFD003B0ECA /* RefresherTests */ = {
			isa = PBXGroup;
			children = (
				9CA39B401CB38CFD003B0ECA /* MasterRefresherTests.m */,
				9CA39B421CB38CFD003B0ECA /* Info.plist */,
			);
			name = RefresherTests;
			path = MasterRefresherTests;
			sourceTree = "<group>";
		};
		9CA39B4B1CB3A932003B0ECA /* UI and Libraries */ = {
			isa = PBXGroup;
			children = (
				BD2F03A31DBDF6AA00163180 /* UI Controls */,
				BD2F039F1DBA273C00163180 /* Keyboard */,
				BD955B231DC72DE60045EB47 /* Gestures */,
				BDC44EFE1CCA15D9007E3073 /* UI WebView */,
				BDED62021D9CCCA60067AA38 /* WKWebView */,
				BD955B331DC8A0290045EB47 /* SFSafariViewController */,
				BDC830F71CE343A70015DB42 /* TableView */,
				BD2F03951DB8DCA400163180 /* Scroll View */,
				BD955B271DC75E6E0045EB47 /* MKMapViewCoreLocation */,
				BD955B371DC8AEBE0045EB47 /* Presentation */,
				BD955B3F1DC8F5450045EB47 /* Effects */,
				BD955B4C1DCB20ED0045EB47 /* CollectionViewController */,
				BD955B541DCC8A4F0045EB47 /* Stack View */,
				BD5A81031DCDCC460066D3D4 /* UI PageView Controller */,
				BD5A810A1DCDE2160066D3D4 /* Container View */,
				BD5A810E1DCDEC390066D3D4 /* AudioVideo */,
				BDB844481DDB217D00EC978F /* Segues */,
			);
			name = "UI and Libraries";
			sourceTree = "<group>";
		};
		9CA39B4C1CB3A94A003B0ECA /* Concepts */ = {
			isa = PBXGroup;
			children = (
				BD955B281DC75EFB0045EB47 /* Data Persistence */,
				BD955B291DC75F0E0045EB47 /* Multithreading */,
				BD955B2A1DC75F1E0045EB47 /* Category and Extension */,
				BDC0147A1D5A1099007EEF90 /* Design Patterns */,
				BD5DB5BF1D6F65480012F7E4 /* ObjCRuntime */,
				BD52305E1D7DEE5A00BA1EA8 /* NetworkCommunication */,
				BDBCFF661DD5DB5300323DE4 /* Parsing */,
			);
			name = Concepts;
			sourceTree = "<group>";
		};
		BD2C5CA61D6D652D00A25C87 /* Blocks */ = {
			isa = PBXGroup;
			children = (
				BD2C5CA71D6D655200A25C87 /* BlocksViewController.h */,
				BD2C5CA81D6D655200A25C87 /* BlocksViewController.m */,
				BD2C5CAA1D6D657900A25C87 /* BlockTester.h */,
				BD2C5CAB1D6D657900A25C87 /* BlockTester.m */,
				BD5DB5BC1D6EFDD80012F7E4 /* BlockWebserviceViewController.h */,
				BD5DB5BD1D6EFDD80012F7E4 /* BlockWebserviceViewController.m */,
			);
			name = Blocks;
			sourceTree = "<group>";
		};
		BD2F03951DB8DCA400163180 /* Scroll View */ = {
			isa = PBXGroup;
			children = (
				BD955B1D1DC22DEF0045EB47 /* RunTimeButtonCreation */,
				BD955B1E1DC22E250045EB47 /* PinchAndZoom */,
				BD955B1F1DC22E320045EB47 /* PinchAndZoomWithGesture */,
			);
			name = "Scroll View";
			sourceTree = "<group>";
		};
		BD2F039F1DBA273C00163180 /* Keyboard */ = {
			isa = PBXGroup;
			children = (
				BD2F03A01DBA276C00163180 /* KeyboardHandlingViewController.h */,
				BD2F03A11DBA276C00163180 /* KeyboardHandlingViewController.m */,
			);
			name = Keyboard;
			sourceTree = "<group>";
		};
		BD2F03A31DBDF6AA00163180 /* UI Controls */ = {
			isa = PBXGroup;
			children = (
				BD42E6C91DBF431B007C3F5D /* BasicUIElementsViewController.h */,
				BD42E6CA1DBF431B007C3F5D /* BasicUIElementsViewController.m */,
			);
			name = "UI Controls";
			sourceTree = "<group>";
		};
		BD52303F1D783D8F00BA1EA8 /* OperationQueue */ = {
			isa = PBXGroup;
			children = (
				BD5230401D784E5800BA1EA8 /* OperationQueueViewController.h */,
				BD5230411D784E5800BA1EA8 /* OperationQueueViewController.m */,
				BD5230431D7D875200BA1EA8 /* NonConCurrentOperation.h */,
				BD5230441D7D875200BA1EA8 /* NonConCurrentOperation.m */,
				BD5230461D7DDA1000BA1EA8 /* ConcurrentOperation.h */,
				BD5230471D7DDA1000BA1EA8 /* ConcurrentOperation.m */,
			);
			name = OperationQueue;
			sourceTree = "<group>";
		};
		BD52305E1D7DEE5A00BA1EA8 /* NetworkCommunication */ = {
			isa = PBXGroup;
			children = (
				BD5230491D7DDD4A00BA1EA8 /* NetworkOperationDelegate.h */,
				BD5230621D7DF07600BA1EA8 /* NetworkCommunication.h */,
				BD5230631D7DF07600BA1EA8 /* NetworkCommunication.m */,
				BD52305F1D7DEE7E00BA1EA8 /* NetworkCommunicationViewController.h */,
				BD5230601D7DEE7E00BA1EA8 /* NetworkCommunicationViewController.m */,
			);
			name = NetworkCommunication;
			sourceTree = "<group>";
		};
		BD5A81031DCDCC460066D3D4 /* UI PageView Controller */ = {
			isa = PBXGroup;
			children = (
				BD5A81041DCDCC6F0066D3D4 /* PageViewController.h */,
				BD5A81051DCDCC6F0066D3D4 /* PageViewController.m */,
				BD5A81071DCDCC7F0066D3D4 /* ChildViewController.h */,
				BD5A81081DCDCC7F0066D3D4 /* ChildViewController.m */,
			);
			name = "UI PageView Controller";
			sourceTree = "<group>";
		};
		BD5A810A1DCDE2160066D3D4 /* Container View */ = {
			isa = PBXGroup;
			children = (
				BD5A810B1DCDE2550066D3D4 /* ContainerViewController.h */,
				BD5A810C1DCDE2550066D3D4 /* ContainerViewController.m */,
			);
			name = "Container View";
			sourceTree = "<group>";
		};
		BD5A810E1DCDEC390066D3D4 /* AudioVideo */ = {
			isa = PBXGroup;
			children = (
				BD5A81141DCDEFBB0066D3D4 /* PlayerViewController.h */,
				BD5A81151DCDEFBB0066D3D4 /* PlayerViewController.m */,
			);
			name = AudioVideo;
			sourceTree = "<group>";
		};
		BD5A811B1DCEF0D30066D3D4 /* FilePersitence */ = {
			isa = PBXGroup;
			children = (
				BD5A811C1DCEF1170066D3D4 /* PersitenceViewController.h */,
				BD5A811D1DCEF1170066D3D4 /* PersitenceViewController.m */,
			);
			name = FilePersitence;
			sourceTree = "<group>";
		};
		BD5DB5BF1D6F65480012F7E4 /* ObjCRuntime */ = {
			isa = PBXGroup;
			children = (
				BD5DB5C01D6F656F0012F7E4 /* IntrospectionViewController.h */,
				BD5DB5C11D6F656F0012F7E4 /* IntrospectionViewController.m */,
				BD5DB5C31D6F65EB0012F7E4 /* SecretMission.h */,
				BD5DB5C41D6F65EB0012F7E4 /* SecretMission.m */,
				BD5230331D75730A00BA1EA8 /* MethodSwizzlingViewController.h */,
				BD5230341D75730A00BA1EA8 /* MethodSwizzlingViewController.m */,
				BD5230361D75760000BA1EA8 /* TaxProcessor.h */,
				BD5230371D75760000BA1EA8 /* TaxProcessor.m */,
				BD5230391D7576B100BA1EA8 /* TaxProcessor+Snoopy.h */,
				BD52303A1D7576B100BA1EA8 /* TaxProcessor+Snoopy.m */,
				BD52303C1D76A72A00BA1EA8 /* UIViewController+Tracking.h */,
				BD52303D1D76A72A00BA1EA8 /* UIViewController+Tracking.m */,
			);
			name = ObjCRuntime;
			sourceTree = "<group>";
		};
		BD734ADE1D9241F600D8C0F7 /* View */ = {
			isa = PBXGroup;
			children = (
				9CA39B341CB38CFD003B0ECA /* LaunchScreen.storyboard */,
				9CA39B2F1CB38CFD003B0ECA /* Main.storyboard */,
			);
			name = View;
			sourceTree = "<group>";
		};
		BD734ADF1D92420300D8C0F7 /* Resources */ = {
			isa = PBXGroup;
			children = (
				BDB8444F1DDB265000EC978F /* Assets.xcassets */,
				BD5A81191DCE623B0066D3D4 /* Loop 01- Dreamy.mp3 */,
				BD734AE61D95379E00D8C0F7 /* 5MB_UPLOAD_FILE.pdf */,
			);
			name = Resources;
			sourceTree = "<group>";
		};
		BD734AE01D92425900D8C0F7 /* Configuration */ = {
			isa = PBXGroup;
			children = (
				9CA39B371CB38CFD003B0ECA /* Info.plist */,
				BDD33B7E1DCF217C00BAD31B /* Settings.plist */,
			);
			name = Configuration;
			sourceTree = "<group>";
		};
		BD734AE11D92427B00D8C0F7 /* Model */ = {
			isa = PBXGroup;
			children = (
				BD52305B1D7DE48300BA1EA8 /* RefresherConstants.h */,
			);
			name = Model;
			sourceTree = "<group>";
		};
		BD734AE31D9242DF00D8C0F7 /* Controller */ = {
			isa = PBXGroup;
			children = (
				9CA39B261CB38CFD003B0ECA /* AppDelegate.h */,
				9CA39B271CB38CFD003B0ECA /* AppDelegate.m */,
				9CA39B4B1CB3A932003B0ECA /* UI and Libraries */,
				9CA39B4C1CB3A94A003B0ECA /* Concepts */,
			);
			name = Controller;
			sourceTree = "<group>";
		};
		BD734AE41D92430C00D8C0F7 /* External Libraries */ = {
			isa = PBXGroup;
			children = (
				BD5DB5C61D6F6AE60012F7E4 /* libobjc.tbd */,
			);
			name = "External Libraries";
			sourceTree = "<group>";
		};
		BD734AE51D9243DA00D8C0F7 /* Supporing Files */ = {
			isa = PBXGroup;
			children = (
				9CA39B241CB38CFD003B0ECA /* main.m */,
				BD734AE81D95388A00D8C0F7 /* postserver.py */,
				BD83BE7C1D30E5E700E0FA53 /* README.md */,
				BDEDE13F1CC9FC35003B3A09 /* Notes */,
			);
			name = "Supporing Files";
			sourceTree = "<group>";
		};
		BD83BE831D3110B200E0FA53 /* GCD */ = {
			isa = PBXGroup;
			children = (
				BD83BE841D3110CB00E0FA53 /* GCDViewController.h */,
				BD83BE851D3110CB00E0FA53 /* GCDViewController.m */,
			);
			name = GCD;
			sourceTree = "<group>";
		};
		BD955B1D1DC22DEF0045EB47 /* RunTimeButtonCreation */ = {
			isa = PBXGroup;
			children = (
				BD2F03991DB8DD4100163180 /* ScrollViewSampleViewController.h */,
				BD2F039A1DB8DD4100163180 /* ScrollViewSampleViewController.m */,
				BD2F039C1DB8DE7D00163180 /* CustomScrollView.h */,
				BD2F039D1DB8DE7D00163180 /* CustomScrollView.m */,
			);
			name = RunTimeButtonCreation;
			sourceTree = "<group>";
		};
		BD955B1E1DC22E250045EB47 /* PinchAndZoom */ = {
			isa = PBXGroup;
			children = (
				BD955B201DC22E650045EB47 /* PinchZoomViewController.h */,
				BD955B211DC22E650045EB47 /* PinchZoomViewController.m */,
				BD955B241DC73C320045EB47 /* PinchZoomGestureViewController.h */,
				BD955B251DC73C320045EB47 /* PinchZoomGestureViewController.m */,
			);
			name = PinchAndZoom;
			sourceTree = "<group>";
		};
		BD955B1F1DC22E320045EB47 /* PinchAndZoomWithGesture */ = {
			isa = PBXGroup;
			children = (
			);
			name = PinchAndZoomWithGesture;
			sourceTree = "<group>";
		};
		BD955B231DC72DE60045EB47 /* Gestures */ = {
			isa = PBXGroup;
			children = (
				BD42E6C41DBE039F007C3F5D /* GestureRecognitionViewController.h */,
				BD42E6C51DBE039F007C3F5D /* GestureRecognitionViewController.m */,
			);
			name = Gestures;
			sourceTree = "<group>";
		};
		BD955B271DC75E6E0045EB47 /* MKMapViewCoreLocation */ = {
			isa = PBXGroup;
			children = (
				BD955B2C1DC75FE10045EB47 /* MKMapViewViewController.h */,
				BD955B2D1DC75FE10045EB47 /* MKMapViewViewController.m */,
			);
			name = MKMapViewCoreLocation;
			sourceTree = "<group>";
		};
		BD955B281DC75EFB0045EB47 /* Data Persistence */ = {
			isa = PBXGroup;
			children = (
				BDD33B821DCF3A5200BAD31B /* sqlite */,
				BD5A811B1DCEF0D30066D3D4 /* FilePersitence */,
				BDC831271CE358BE0015DB42 /* CoreData */,
			);
			name = "Data Persistence";
			sourceTree = "<group>";
		};
		BD955B291DC75F0E0045EB47 /* Multithreading */ = {
			isa = PBXGroup;
			children = (
				BD2C5CA61D6D652D00A25C87 /* Blocks */,
				BD52303F1D783D8F00BA1EA8 /* OperationQueue */,
				BD83BE831D3110B200E0FA53 /* GCD */,
			);
			name = Multithreading;
			sourceTree = "<group>";
		};
		BD955B2A1DC75F1E0045EB47 /* Category and Extension */ = {
			isa = PBXGroup;
			children = (
				BDC0146F1D59FA9A007EEF90 /* Category */,
				BDC014761D5A0535007EEF90 /* Extension */,
			);
			name = "Category and Extension";
			sourceTree = "<group>";
		};
		BD955B331DC8A0290045EB47 /* SFSafariViewController */ = {
			isa = PBXGroup;
			children = (
				BD955B341DC8A0620045EB47 /* SafariViewController.h */,
				BD955B351DC8A0620045EB47 /* SafariViewController.m */,
			);
			name = SFSafariViewController;
			sourceTree = "<group>";
		};
		BD955B371DC8AEBE0045EB47 /* Presentation */ = {
			isa = PBXGroup;
			children = (
				BD955B381DC8AEF30045EB47 /* PresentationViewController.h */,
				BD955B391DC8AEF30045EB47 /* PresentationViewController.m */,
				BD955B3B1DC8B4550045EB47 /* PopViewController.h */,
				BD955B3C1DC8B4550045EB47 /* PopViewController.m */,
			);
			name = Presentation;
			sourceTree = "<group>";
		};
		BD955B3E1DC8B6ED0045EB47 /* Internal Libraries */ = {
			isa = PBXGroup;
			children = (
				BDD33B801DCF3A2900BAD31B /* libsqlite3.0.tbd */,
				BD5A81171DCE57A90066D3D4 /* MediaPlayer.framework */,
				BD5A81121DCDEDB90066D3D4 /* AVKit.framework */,
				BD955B311DC76A4D0045EB47 /* CoreLocation.framework */,
				BD955B2F1DC76A470045EB47 /* MapKit.framework */,
			);
			name = "Internal Libraries";
			sourceTree = "<group>";
		};
		BD955B3F1DC8F5450045EB47 /* Effects */ = {
			isa = PBXGroup;
			children = (
				BD955B481DCA40BE0045EB47 /* Shadows */,
				BD955B471DCA40A10045EB47 /* VisualEffect */,
			);
			name = Effects;
			sourceTree = "<group>";
		};
		BD955B451DC9D5AC0045EB47 /* RippleEffect */ = {
			isa = PBXGroup;
			children = (
				BD955B431DC9D5AC0045EB47 /* RippleEffect.h */,
				BD955B441DC9D5AC0045EB47 /* RippleEffect.m */,
			);
			name = RippleEffect;
			path = ../../../WPL/AudioBook_Streaming/AudioBook;
			sourceTree = "<group>";
		};
		BD955B471DCA40A10045EB47 /* VisualEffect */ = {
			isa = PBXGroup;
			children = (
				BD955B491DCA40E30045EB47 /* VisualEffectViewController.h */,
				BD955B4A1DCA40E30045EB47 /* VisualEffectViewController.m */,
			);
			name = VisualEffect;
			sourceTree = "<group>";
		};
		BD955B481DCA40BE0045EB47 /* Shadows */ = {
			isa = PBXGroup;
			children = (
				BD955B401DC8F5630045EB47 /* EffectsViewController.h */,
				BD955B411DC8F5630045EB47 /* EffectsViewController.m */,
				BD955B451DC9D5AC0045EB47 /* RippleEffect */,
			);
			name = Shadows;
			sourceTree = "<group>";
		};
		BD955B4C1DCB20ED0045EB47 /* CollectionViewController */ = {
			isa = PBXGroup;
			children = (
				BD955B4D1DCB215C0045EB47 /* CollectionViewController.h */,
				BD955B4E1DCB215C0045EB47 /* CollectionViewController.m */,
			);
			name = CollectionViewController;
			sourceTree = "<group>";
		};
		BD955B501DCB2CAD0045EB47 /* Utilities */ = {
			isa = PBXGroup;
			children = (
				BD955B511DCB2D0B0045EB47 /* Utilities.h */,
				BD955B521DCB2D0B0045EB47 /* Utilities.m */,
				BDD33B7B1DCF05DA00BAD31B /* KeychainItemWrapper.h */,
				BDD33B7C1DCF05DA00BAD31B /* KeychainItemWrapper.m */,
			);
			name = Utilities;
			sourceTree = "<group>";
		};
		BD955B541DCC8A4F0045EB47 /* Stack View */ = {
			isa = PBXGroup;
			children = (
				BD955B551DCC8A850045EB47 /* StackViewFirstSampleViewController.h */,
				BD955B561DCC8A850045EB47 /* StackViewFirstSampleViewController.m */,
				BD955B581DCC95030045EB47 /* StackViewSecondViewController.h */,
				BD955B591DCC95030045EB47 /* StackViewSecondViewController.m */,
			);
			name = "Stack View";
			sourceTree = "<group>";
		};
		BDB844481DDB217D00EC978F /* Segues */ = {
			isa = PBXGroup;
			children = (
				BDB844491DDB21C200EC978F /* SequeHomeViewController.h */,
				BDB8444A1DDB21C200EC978F /* SequeHomeViewController.m */,
				BDB8444C1DDB250C00EC978F /* CalenderViewControl.h */,
				BDB8444D1DDB250C00EC978F /* CalenderViewControl.m */,
			);
			name = Segues;
			sourceTree = "<group>";
		};
		BDBCFF661DD5DB5300323DE4 /* Parsing */ = {
			isa = PBXGroup;
			children = (
				BDBCFF671DD5DB8000323DE4 /* ParsingViewController.h */,
				BDBCFF681DD5DB8000323DE4 /* ParsingViewController.m */,
			);
			name = Parsing;
			sourceTree = "<group>";
		};
		BDC0146F1D59FA9A007EEF90 /* Category */ = {
			isa = PBXGroup;
			children = (
				BDC014701D59FAF0007EEF90 /* NSString+StringAdditions.h */,
				BDC014711D59FAF0007EEF90 /* NSString+StringAdditions.m */,
				BDC014731D59FBA7007EEF90 /* CategoryViewController.h */,
				BDC014741D59FBA7007EEF90 /* CategoryViewController.m */,
			);
			name = Category;
			sourceTree = "<group>";
		};
		BDC014761D5A0535007EEF90 /* Extension */ = {
			isa = PBXGroup;
			children = (
				BDC014771D5A0551007EEF90 /* ExtensionViewController.h */,
				BDC014781D5A0551007EEF90 /* ExtensionViewController.m */,
			);
			name = Extension;
			sourceTree = "<group>";
		};
		BDC0147A1D5A1099007EEF90 /* Design Patterns */ = {
			isa = PBXGroup;
			children = (
				BDC014B31D5B28A5007EEF90 /* KVCO */,
				BDC0149B1D5B08B1007EEF90 /* Notification */,
				BDC0147B1D5A10A9007EEF90 /* Protocols and Delegates */,
				BDC014831D5AFA57007EEF90 /* Singleton */,
			);
			name = "Design Patterns";
			sourceTree = "<group>";
		};
		BDC0147B1D5A10A9007EEF90 /* Protocols and Delegates */ = {
			isa = PBXGroup;
			children = (
				BDC0147C1D5A10CE007EEF90 /* ProtocolViewController.h */,
				BDC0147D1D5A10CE007EEF90 /* ProtocolViewController.m */,
				BDC014801D5A15B2007EEF90 /* SampleProtocol.h */,
				BDC014811D5A15B2007EEF90 /* SampleProtocol.m */,
			);
			name = "Protocols and Delegates";
			sourceTree = "<group>";
		};
		BDC014831D5AFA57007EEF90 /* Singleton */ = {
			isa = PBXGroup;
			children = (
				BDC014841D5AFA80007EEF90 /* Logger.h */,
				BDC014851D5AFA80007EEF90 /* Logger.m */,
				BDC014981D5AFDD7007EEF90 /* SingletonViewController.h */,
				BDC014991D5AFDD7007EEF90 /* SingletonViewController.m */,
			);
			name = Singleton;
			sourceTree = "<group>";
		};
		BDC0149B1D5B08B1007EEF90 /* Notification */ = {
			isa = PBXGroup;
			children = (
				BDC0149C1D5B08E3007EEF90 /* NotificationViewController.h */,
				BDC0149D1D5B08E3007EEF90 /* NotificationViewController.m */,
				BDC0149F1D5B0902007EEF90 /* NotificationSample.h */,
				BDC014A01D5B0902007EEF90 /* NotificationSample.m */,
			);
			name = Notification;
			sourceTree = "<group>";
		};
		BDC014B31D5B28A5007EEF90 /* KVCO */ = {
			isa = PBXGroup;
			children = (
				BDC014B41D5B2C05007EEF90 /* Student.h */,
				BDC014B51D5B2C05007EEF90 /* Student.m */,
				BDC014B71D5B2C2A007EEF90 /* KVCOViewController.h */,
				BDC014B81D5B2C2A007EEF90 /* KVCOViewController.m */,
			);
			name = KVCO;
			sourceTree = "<group>";
		};
		BDC44EFE1CCA15D9007E3073 /* UI WebView */ = {
			isa = PBXGroup;
			children = (
				9CA39B4D1CB3A9CD003B0ECA /* WebViewRemoteLoadViewController.h */,
				9CA39B4E1CB3A9CD003B0ECA /* WebViewRemoteLoadViewController.m */,
				BDEDE13A1CC9F316003B3A09 /* WebViewLocalLoadViewController.h */,
				BDEDE13B1CC9F316003B3A09 /* WebViewLocalLoadViewController.m */,
				BDEDE13D1CC9F59B003B3A09 /* localHtmlSample.html */,
			);
			name = "UI WebView";
			sourceTree = "<group>";
		};
		BDC830F71CE343A70015DB42 /* TableView */ = {
			isa = PBXGroup;
			children = (
				BDC830F81CE343C90015DB42 /* SimpleTableViewController.h */,
				BDC830F91CE343C90015DB42 /* SimpleTableViewController.m */,
			);
			name = TableView;
			sourceTree = "<group>";
		};
		BDC831271CE358BE0015DB42 /* CoreData */ = {
			isa = PBXGroup;
			children = (
				BDC8312B1CE3614F0015DB42 /* SimpleCoredataHomeViewController.h */,
				BDC8312C1CE3614F0015DB42 /* SimpleCoredataHomeViewController.m */,
				BDC8312E1CE361750015DB42 /* CoreDataDetailViewController.h */,
				BDC8312F1CE361750015DB42 /* CoreDataDetailViewController.m */,
				BDC831241CE358AB0015DB42 /* Refresher.xcdatamodeld */,
			);
			name = CoreData;
			sourceTree = "<group>";
		};
		BDD33B821DCF3A5200BAD31B /* sqlite */ = {
			isa = PBXGroup;
			children = (
				BDD33B831DCF3A6200BAD31B /* DBManager.h */,
				BDD33B841DCF3A6200BAD31B /* DBManager.m */,
			);
			name = sqlite;
			sourceTree = "<group>";
		};
		BDED62021D9CCCA60067AA38 /* WKWebView */ = {
			isa = PBXGroup;
			children = (
				BDED62031D9CCCE40067AA38 /* WKWebViewController.h */,
				BDED62041D9CCCE40067AA38 /* WKWebViewController.m */,
			);
			name = WKWebView;
			sourceTree = "<group>";
		};
/* End PBXGroup section */

/* Begin PBXNativeTarget section */
		9CA39B1F1CB38CFD003B0ECA /* Refresher-OBJC */ = {
			isa = PBXNativeTarget;
			buildConfigurationList = 9CA39B451CB38CFD003B0ECA /* Build configuration list for PBXNativeTarget "Refresher-OBJC" */;
			buildPhases = (
				9CA39B1C1CB38CFD003B0ECA /* Sources */,
				9CA39B1D1CB38CFD003B0ECA /* Frameworks */,
				9CA39B1E1CB38CFD003B0ECA /* Resources */,
			);
			buildRules = (
			);
			dependencies = (
			);
			name = "Refresher-OBJC";
			productName = MasterRefresher;
			productReference = 9CA39B201CB38CFD003B0ECA /* Refresher-OBJC-OBJC.app */;
			productType = "com.apple.product-type.application";
		};
		9CA39B3B1CB38CFD003B0ECA /* Refresher-OBJCTests */ = {
			isa = PBXNativeTarget;
			buildConfigurationList = 9CA39B481CB38CFD003B0ECA /* Build configuration list for PBXNativeTarget "Refresher-OBJCTests" */;
			buildPhases = (
				9CA39B381CB38CFD003B0ECA /* Sources */,
				9CA39B391CB38CFD003B0ECA /* Frameworks */,
				9CA39B3A1CB38CFD003B0ECA /* Resources */,
			);
			buildRules = (
			);
			dependencies = (
				9CA39B3E1CB38CFD003B0ECA /* PBXTargetDependency */,
			);
			name = "Refresher-OBJCTests";
			productName = MasterRefresherTests;
			productReference = 9CA39B3C1CB38CFD003B0ECA /* Refresher-OBJC-OBJC.xctest */;
			productType = "com.apple.product-type.bundle.unit-test";
		};
/* End PBXNativeTarget section */

/* Begin PBXProject section */
		9CA39B181CB38CFD003B0ECA /* Project object */ = {
			isa = PBXProject;
			attributes = {
				LastUpgradeCheck = 0720;
				ORGANIZATIONNAME = "Ammini Inc";
				TargetAttributes = {
					9CA39B1F1CB38CFD003B0ECA = {
						CreatedOnToolsVersion = 7.2;
						SystemCapabilities = {
							com.apple.BackgroundModes = {
								enabled = 1;
							};
						};
					};
					9CA39B3B1CB38CFD003B0ECA = {
						CreatedOnToolsVersion = 7.2;
						TestTargetID = 9CA39B1F1CB38CFD003B0ECA;
					};
				};
			};
			buildConfigurationList = 9CA39B1B1CB38CFD003B0ECA /* Build configuration list for PBXProject "Refresher-OBJC" */;
			compatibilityVersion = "Xcode 3.2";
			developmentRegion = English;
			hasScannedForEncodings = 0;
			knownRegions = (
				en,
				Base,
			);
			mainGroup = 9CA39B171CB38CFD003B0ECA;
			productRefGroup = 9CA39B211CB38CFD003B0ECA /* Products */;
			projectDirPath = "";
			projectRoot = "";
			targets = (
				9CA39B1F1CB38CFD003B0ECA /* Refresher-OBJC */,
				9CA39B3B1CB38CFD003B0ECA /* Refresher-OBJCTests */,
			);
		};
/* End PBXProject section */

/* Begin PBXResourcesBuildPhase section */
		9CA39B1E1CB38CFD003B0ECA /* Resources */ = {
			isa = PBXResourcesBuildPhase;
			buildActionMask = 2147483647;
			files = (
				9CA39B361CB38CFD003B0ECA /* LaunchScreen.storyboard in Resources */,
				BDEDE1401CC9FC35003B3A09 /* Notes in Resources */,
				BDD33B7F1DCF217C00BAD31B /* Settings.plist in Resources */,
				BD734AE91D95388A00D8C0F7 /* postserver.py in Resources */,
				BD5A811A1DCE623B0066D3D4 /* Loop 01- Dreamy.mp3 in Resources */,
				BD734AE71D95379E00D8C0F7 /* 5MB_UPLOAD_FILE.pdf in Resources */,
				BDEDE13E1CC9F59B003B3A09 /* localHtmlSample.html in Resources */,
				BDB844501DDB265000EC978F /* Assets.xcassets in Resources */,
				9CA39B311CB38CFD003B0ECA /* Main.storyboard in Resources */,
			);
			runOnlyForDeploymentPostprocessing = 0;
		};
		9CA39B3A1CB38CFD003B0ECA /* Resources */ = {
			isa = PBXResourcesBuildPhase;
			buildActionMask = 2147483647;
			files = (
			);
			runOnlyForDeploymentPostprocessing = 0;
		};
/* End PBXResourcesBuildPhase section */

/* Begin PBXSourcesBuildPhase section */
		9CA39B1C1CB38CFD003B0ECA /* Sources */ = {
			isa = PBXSourcesBuildPhase;
			buildActionMask = 2147483647;
			files = (
				BDC831301CE361750015DB42 /* CoreDataDetailViewController.m in Sources */,
				BDB8444B1DDB21C200EC978F /* SequeHomeViewController.m in Sources */,
				BDC014861D5AFA80007EEF90 /* Logger.m in Sources */,
				BD5A811E1DCEF1170066D3D4 /* PersitenceViewController.m in Sources */,
				BD955B4B1DCA40E30045EB47 /* VisualEffectViewController.m in Sources */,
				BDC0149E1D5B08E3007EEF90 /* NotificationViewController.m in Sources */,
				BD52303E1D76A72A00BA1EA8 /* UIViewController+Tracking.m in Sources */,
				BD2C5CA91D6D655200A25C87 /* BlocksViewController.m in Sources */,
				BDC0147E1D5A10CE007EEF90 /* ProtocolViewController.m in Sources */,
				BD42E6CB1DBF431B007C3F5D /* BasicUIElementsViewController.m in Sources */,
				BD5230611D7DEE7E00BA1EA8 /* NetworkCommunicationViewController.m in Sources */,
				BD955B571DCC8A850045EB47 /* StackViewFirstSampleViewController.m in Sources */,
				BD955B3A1DC8AEF30045EB47 /* PresentationViewController.m in Sources */,
				BD5A81061DCDCC6F0066D3D4 /* PageViewController.m in Sources */,
				9CA39B281CB38CFD003B0ECA /* AppDelegate.m in Sources */,
				BDC8312D1CE3614F0015DB42 /* SimpleCoredataHomeViewController.m in Sources */,
				BD955B261DC73C320045EB47 /* PinchZoomGestureViewController.m in Sources */,
				BDC014A11D5B0902007EEF90 /* NotificationSample.m in Sources */,
				9CA39B4F1CB3A9CD003B0ECA /* WebViewRemoteLoadViewController.m in Sources */,
				BD955B531DCB2D0B0045EB47 /* Utilities.m in Sources */,
				9CA39B251CB38CFD003B0ECA /* main.m in Sources */,
				BDC014B61D5B2C05007EEF90 /* Student.m in Sources */,
				BD5230421D784E5800BA1EA8 /* OperationQueueViewController.m in Sources */,
				BD955B4F1DCB215C0045EB47 /* CollectionViewController.m in Sources */,
				BD955B5A1DCC95030045EB47 /* StackViewSecondViewController.m in Sources */,
				BD83BE861D3110CB00E0FA53 /* GCDViewController.m in Sources */,
				BD52303B1D7576B100BA1EA8 /* TaxProcessor+Snoopy.m in Sources */,
				BDC014791D5A0551007EEF90 /* ExtensionViewController.m in Sources */,
				BDB8444E1DDB250C00EC978F /* CalenderViewControl.m in Sources */,
				BD2F03A21DBA276C00163180 /* KeyboardHandlingViewController.m in Sources */,
				BD2F039E1DB8DE7D00163180 /* CustomScrollView.m in Sources */,
				BD5230381D75760000BA1EA8 /* TaxProcessor.m in Sources */,
				BD5A81161DCDEFBB0066D3D4 /* PlayerViewController.m in Sources */,
				BDD33B7D1DCF05DA00BAD31B /* KeychainItemWrapper.m in Sources */,
				BD5230641D7DF07600BA1EA8 /* NetworkCommunication.m in Sources */,
				BD5A810D1DCDE2550066D3D4 /* ContainerViewController.m in Sources */,
				BDEDE13C1CC9F316003B3A09 /* WebViewLocalLoadViewController.m in Sources */,
				BDBCFF691DD5DB8000323DE4 /* ParsingViewController.m in Sources */,
				BDC0149A1D5AFDD7007EEF90 /* SingletonViewController.m in Sources */,
				BD5A81091DCDCC7F0066D3D4 /* ChildViewController.m in Sources */,
				BDC014751D59FBA7007EEF90 /* CategoryViewController.m in Sources */,
				BD5230451D7D875200BA1EA8 /* NonConCurrentOperation.m in Sources */,
				BDD33B851DCF3A6200BAD31B /* DBManager.m in Sources */,
				BD2C5CAC1D6D657900A25C87 /* BlockTester.m in Sources */,
				BDC831261CE358AB0015DB42 /* Refresher.xcdatamodeld in Sources */,
				BD5DB5C51D6F65EB0012F7E4 /* SecretMission.m in Sources */,
				BD955B221DC22E650045EB47 /* PinchZoomViewController.m in Sources */,
				BD2F039B1DB8DD4100163180 /* ScrollViewSampleViewController.m in Sources */,
				BDC014721D59FAF0007EEF90 /* NSString+StringAdditions.m in Sources */,
				BD955B461DC9D5AC0045EB47 /* RippleEffect.m in Sources */,
				BDC830FA1CE343C90015DB42 /* SimpleTableViewController.m in Sources */,
				BD955B421DC8F5630045EB47 /* EffectsViewController.m in Sources */,
				BDED62051D9CCCE40067AA38 /* WKWebViewController.m in Sources */,
				BD955B2E1DC75FE10045EB47 /* MKMapViewViewController.m in Sources */,
				BD5230481D7DDA1000BA1EA8 /* ConcurrentOperation.m in Sources */,
				BD955B3D1DC8B4550045EB47 /* PopViewController.m in Sources */,
				BD5DB5C21D6F656F0012F7E4 /* IntrospectionViewController.m in Sources */,
				BD5DB5BE1D6EFDD80012F7E4 /* BlockWebserviceViewController.m in Sources */,
				BD42E6C61DBE039F007C3F5D /* GestureRecognitionViewController.m in Sources */,
				BDC014821D5A15B2007EEF90 /* SampleProtocol.m in Sources */,
				BDC014B91D5B2C2A007EEF90 /* KVCOViewController.m in Sources */,
				BD955B361DC8A0620045EB47 /* SafariViewController.m in Sources */,
				BD5230351D75730A00BA1EA8 /* MethodSwizzlingViewController.m in Sources */,
			);
			runOnlyForDeploymentPostprocessing = 0;
		};
		9CA39B381CB38CFD003B0ECA /* Sources */ = {
			isa = PBXSourcesBuildPhase;
			buildActionMask = 2147483647;
			files = (
				9CA39B411CB38CFD003B0ECA /* MasterRefresherTests.m in Sources */,
			);
			runOnlyForDeploymentPostprocessing = 0;
		};
/* End PBXSourcesBuildPhase section */

/* Begin PBXTargetDependency section */
		9CA39B3E1CB38CFD003B0ECA /* PBXTargetDependency */ = {
			isa = PBXTargetDependency;
			target = 9CA39B1F1CB38CFD003B0ECA /* Refresher-OBJC */;
			targetProxy = 9CA39B3D1CB38CFD003B0ECA /* PBXContainerItemProxy */;
		};
/* End PBXTargetDependency section */

/* Begin PBXVariantGroup section */
		9CA39B2F1CB38CFD003B0ECA /* Main.storyboard */ = {
			isa = PBXVariantGroup;
			children = (
				9CA39B301CB38CFD003B0ECA /* Base */,
			);
			name = Main.storyboard;
			sourceTree = "<group>";
		};
		9CA39B341CB38CFD003B0ECA /* LaunchScreen.storyboard */ = {
			isa = PBXVariantGroup;
			children = (
				9CA39B351CB38CFD003B0ECA /* Base */,
			);
			name = LaunchScreen.storyboard;
			sourceTree = "<group>";
		};
/* End PBXVariantGroup section */

/* Begin XCBuildConfiguration section */
		9CA39B431CB38CFD003B0ECA /* Debug */ = {
			isa = XCBuildConfiguration;
			buildSettings = {
				ALWAYS_SEARCH_USER_PATHS = NO;
				CLANG_CXX_LANGUAGE_STANDARD = "gnu++0x";
				CLANG_CXX_LIBRARY = "libc++";
				CLANG_ENABLE_MODULES = YES;
				CLANG_ENABLE_OBJC_ARC = YES;
				CLANG_WARN_BOOL_CONVERSION = YES;
				CLANG_WARN_CONSTANT_CONVERSION = YES;
				CLANG_WARN_DIRECT_OBJC_ISA_USAGE = YES_ERROR;
				CLANG_WARN_EMPTY_BODY = YES;
				CLANG_WARN_ENUM_CONVERSION = YES;
				CLANG_WARN_INT_CONVERSION = YES;
				CLANG_WARN_OBJC_ROOT_CLASS = YES_ERROR;
				CLANG_WARN_UNREACHABLE_CODE = YES;
				CLANG_WARN__DUPLICATE_METHOD_MATCH = YES;
				"CODE_SIGN_IDENTITY[sdk=iphoneos*]" = "iPhone Developer";
				COPY_PHASE_STRIP = NO;
				DEBUG_INFORMATION_FORMAT = dwarf;
				ENABLE_STRICT_OBJC_MSGSEND = YES;
				ENABLE_TESTABILITY = YES;
				GCC_C_LANGUAGE_STANDARD = gnu99;
				GCC_DYNAMIC_NO_PIC = NO;
				GCC_NO_COMMON_BLOCKS = YES;
				GCC_OPTIMIZATION_LEVEL = 0;
				GCC_PREPROCESSOR_DEFINITIONS = (
					"DEBUG=1",
					"$(inherited)",
				);
				GCC_WARN_64_TO_32_BIT_CONVERSION = YES;
				GCC_WARN_ABOUT_RETURN_TYPE = YES_ERROR;
				GCC_WARN_UNDECLARED_SELECTOR = YES;
				GCC_WARN_UNINITIALIZED_AUTOS = YES_AGGRESSIVE;
				GCC_WARN_UNUSED_FUNCTION = YES;
				GCC_WARN_UNUSED_VARIABLE = YES;
				IPHONEOS_DEPLOYMENT_TARGET = 9.2;
				MTL_ENABLE_DEBUG_INFO = YES;
				ONLY_ACTIVE_ARCH = YES;
				SDKROOT = iphoneos;
			};
			name = Debug;
		};
		9CA39B441CB38CFD003B0ECA /* Release */ = {
			isa = XCBuildConfiguration;
			buildSettings = {
				ALWAYS_SEARCH_USER_PATHS = NO;
				CLANG_CXX_LANGUAGE_STANDARD = "gnu++0x";
				CLANG_CXX_LIBRARY = "libc++";
				CLANG_ENABLE_MODULES = YES;
				CLANG_ENABLE_OBJC_ARC = YES;
				CLANG_WARN_BOOL_CONVERSION = YES;
				CLANG_WARN_CONSTANT_CONVERSION = YES;
				CLANG_WARN_DIRECT_OBJC_ISA_USAGE = YES_ERROR;
				CLANG_WARN_EMPTY_BODY = YES;
				CLANG_WARN_ENUM_CONVERSION = YES;
				CLANG_WARN_INT_CONVERSION = YES;
				CLANG_WARN_OBJC_ROOT_CLASS = YES_ERROR;
				CLANG_WARN_UNREACHABLE_CODE = YES;
				CLANG_WARN__DUPLICATE_METHOD_MATCH = YES;
				"CODE_SIGN_IDENTITY[sdk=iphoneos*]" = "iPhone Developer";
				COPY_PHASE_STRIP = NO;
				DEBUG_INFORMATION_FORMAT = "dwarf-with-dsym";
				ENABLE_NS_ASSERTIONS = NO;
				ENABLE_STRICT_OBJC_MSGSEND = YES;
				GCC_C_LANGUAGE_STANDARD = gnu99;
				GCC_NO_COMMON_BLOCKS = YES;
				GCC_WARN_64_TO_32_BIT_CONVERSION = YES;
				GCC_WARN_ABOUT_RETURN_TYPE = YES_ERROR;
				GCC_WARN_UNDECLARED_SELECTOR = YES;
				GCC_WARN_UNINITIALIZED_AUTOS = YES_AGGRESSIVE;
				GCC_WARN_UNUSED_FUNCTION = YES;
				GCC_WARN_UNUSED_VARIABLE = YES;
				IPHONEOS_DEPLOYMENT_TARGET = 9.2;
				MTL_ENABLE_DEBUG_INFO = NO;
				SDKROOT = iphoneos;
				VALIDATE_PRODUCT = YES;
			};
			name = Release;
		};
		9CA39B461CB38CFD003B0ECA /* Debug */ = {
			isa = XCBuildConfiguration;
			buildSettings = {
				ASSETCATALOG_COMPILER_APPICON_NAME = AppIcon;
				ENABLE_STRICT_OBJC_MSGSEND = YES;
				INFOPLIST_FILE = MasterRefresher/Info.plist;
				LD_RUNPATH_SEARCH_PATHS = "$(inherited) @executable_path/Frameworks";
				PRODUCT_BUNDLE_IDENTIFIER = com.dreamworks.MasterRefresher;
				PRODUCT_NAME = "Refresher-OBJC-OBJC";
				TARGETED_DEVICE_FAMILY = "1,2";
			};
			name = Debug;
		};
		9CA39B471CB38CFD003B0ECA /* Release */ = {
			isa = XCBuildConfiguration;
			buildSettings = {
				ASSETCATALOG_COMPILER_APPICON_NAME = AppIcon;
				ENABLE_STRICT_OBJC_MSGSEND = YES;
				INFOPLIST_FILE = MasterRefresher/Info.plist;
				LD_RUNPATH_SEARCH_PATHS = "$(inherited) @executable_path/Frameworks";
				PRODUCT_BUNDLE_IDENTIFIER = com.dreamworks.MasterRefresher;
				PRODUCT_NAME = "Refresher-OBJC-OBJC";
				TARGETED_DEVICE_FAMILY = "1,2";
			};
			name = Release;
		};
		9CA39B491CB38CFD003B0ECA /* Debug */ = {
			isa = XCBuildConfiguration;
			buildSettings = {
				BUNDLE_LOADER = "$(TEST_HOST)";
				INFOPLIST_FILE = MasterRefresherTests/Info.plist;
				LD_RUNPATH_SEARCH_PATHS = "$(inherited) @executable_path/Frameworks @loader_path/Frameworks";
				PRODUCT_BUNDLE_IDENTIFIER = com.dreamworks.MasterRefresherTests;
				PRODUCT_NAME = "Refresher-OBJC-OBJC";
				TEST_HOST = "$(BUILT_PRODUCTS_DIR)/Refresher-OBJC.app/Refresher-OBJC";
			};
			name = Debug;
		};
		9CA39B4A1CB38CFD003B0ECA /* Release */ = {
			isa = XCBuildConfiguration;
			buildSettings = {
				BUNDLE_LOADER = "$(TEST_HOST)";
				INFOPLIST_FILE = MasterRefresherTests/Info.plist;
				LD_RUNPATH_SEARCH_PATHS = "$(inherited) @executable_path/Frameworks @loader_path/Frameworks";
				PRODUCT_BUNDLE_IDENTIFIER = com.dreamworks.MasterRefresherTests;
				PRODUCT_NAME = "Refresher-OBJC-OBJC";
				TEST_HOST = "$(BUILT_PRODUCTS_DIR)/Refresher-OBJC.app/Refresher-OBJC";
			};
			name = Release;
		};
/* End XCBuildConfiguration section */

/* Begin XCConfigurationList section */
		9CA39B1B1CB38CFD003B0ECA /* Build configuration list for PBXProject "Refresher-OBJC" */ = {
			isa = XCConfigurationList;
			buildConfigurations = (
				9CA39B431CB38CFD003B0ECA /* Debug */,
				9CA39B441CB38CFD003B0ECA /* Release */,
			);
			defaultConfigurationIsVisible = 0;
			defaultConfigurationName = Release;
		};
		9CA39B451CB38CFD003B0ECA /* Build configuration list for PBXNativeTarget "Refresher-OBJC" */ = {
			isa = XCConfigurationList;
			buildConfigurations = (
				9CA39B461CB38CFD003B0ECA /* Debug */,
				9CA39B471CB38CFD003B0ECA /* Release */,
			);
			defaultConfigurationIsVisible = 0;
			defaultConfigurationName = Release;
		};
		9CA39B481CB38CFD003B0ECA /* Build configuration list for PBXNativeTarget "Refresher-OBJCTests" */ = {
			isa = XCConfigurationList;
			buildConfigurations = (
				9CA39B491CB38CFD003B0ECA /* Debug */,
				9CA39B4A1CB38CFD003B0ECA /* Release */,
			);
			defaultConfigurationIsVisible = 0;
			defaultConfigurationName = Release;
		};
/* End XCConfigurationList section */

/* Begin XCVersionGroup section */
		BDC831241CE358AB0015DB42 /* Refresher.xcdatamodeld */ = {
			isa = XCVersionGroup;
			children = (
				BDC831251CE358AB0015DB42 /* Refresher.xcdatamodel */,
			);
			currentVersion = BDC831251CE358AB0015DB42 /* Refresher.xcdatamodel */;
			path = Refresher.xcdatamodeld;
			sourceTree = "<group>";
			versionGroupType = wrapper.xcdatamodel;
		};
/* End XCVersionGroup section */
	};
	rootObject = 9CA39B181CB38CFD003B0ECA /* Project object */;
}
